// !$*UTF8*$!
{
       archiveVersion = 1;
       classes = {
       };
       objectVersion = 46;
       objects = {

/* Begin PBXAggregateTarget section */
              E1AEF23FBB0342FEA853DE8A /* ALL_BUILD */ = {
                     isa = PBXAggregateTarget;
                     buildConfigurationList = DA8EF86BAB83493BB1DECB72 /* Build configuration list for PBXAggregateTarget "ALL_BUILD" */;
                     buildPhases = (
                            998B055BA80D4890957EF990 /* CMake Rules */,
                     );
                     dependencies = (
                            1BFA3DAE8E4E4D4CA78CC49A /* PBXTargetDependency */,
                            25D079545E5C4E16AC5C6F5B /* PBXTargetDependency */,
                     );
                     name = ALL_BUILD;
                     productName = ALL_BUILD;
              };
              9B22F1E169CF468A8D7C28EA /* ZERO_CHECK */ = {
                     isa = PBXAggregateTarget;
                     buildConfigurationList = 85E6445479174FFBAE9126D7 /* Build configuration list for PBXAggregateTarget "ZERO_CHECK" */;
                     buildPhases = (
                            58F402F1FD8E424F8BB8A513 /* CMake Rules */,
                     );
                     dependencies = (
                     );
                     name = ZERO_CHECK;
                     productName = ZERO_CHECK;
              };
/* End PBXAggregateTarget section */

/* Begin PBXBuildFile section */
841C5A81A8C3424CB4BB4BF3 /* /Users/graham/LL/3p-google-breakpad/src/client/mac/handler/breakpad_nlist_64.cc */ = {isa = PBXBuildFile; fileRef = 129C27B5F97C48CAB4780FC4 /* /Users/graham/LL/3p-google-breakpad/src/client/mac/handler/breakpad_nlist_64.cc */; settings = { COMPILER_FLAGS = ""; }; };
8FE1808A48B941A19F73D5E5 /* /Users/graham/LL/3p-google-breakpad/src/client/mac/handler/dynamic_images.cc */ = {isa = PBXBuildFile; fileRef = AEAB409B5DAA4725882F236D /* /Users/graham/LL/3p-google-breakpad/src/client/mac/handler/dynamic_images.cc */; settings = { COMPILER_FLAGS = ""; }; };
88145A71677244609B2D9D84 /* /Users/graham/LL/3p-google-breakpad/src/client/mac/handler/exception_handler.cc */ = {isa = PBXBuildFile; fileRef = 09CF09A52D454A17860CCA3C /* /Users/graham/LL/3p-google-breakpad/src/client/mac/handler/exception_handler.cc */; settings = { COMPILER_FLAGS = ""; }; };
989391946A6C488AAF04132F /* /Users/graham/LL/3p-google-breakpad/src/client/mac/handler/minidump_generator.cc */ = {isa = PBXBuildFile; fileRef = 69CE176D72344ACDA1A446FD /* /Users/graham/LL/3p-google-breakpad/src/client/mac/handler/minidump_generator.cc */; settings = { COMPILER_FLAGS = ""; }; };
36A859E134604D2BA51F79BD /* /Users/graham/LL/3p-google-breakpad/src/client/mac/crash_generation/crash_generation_client.cc */ = {isa = PBXBuildFile; fileRef = DDBC932B63FB447A8292A697 /* /Users/graham/LL/3p-google-breakpad/src/client/mac/crash_generation/crash_generation_client.cc */; settings = { COMPILER_FLAGS = ""; }; };
A4988979A32E4ACAA9DAC0E9 /* /Users/graham/LL/3p-google-breakpad/src/client/minidump_file_writer.cc */ = {isa = PBXBuildFile; fileRef = EBEF32BE9ECD47F1AB5A5668 /* /Users/graham/LL/3p-google-breakpad/src/client/minidump_file_writer.cc */; settings = { COMPILER_FLAGS = ""; }; };
FED9A90CB3A3429C844D151E /* /Users/graham/LL/3p-google-breakpad/src/common/convert_UTF.c */ = {isa = PBXBuildFile; fileRef = 242D0CA7EDE3492EA1E33FDB /* /Users/graham/LL/3p-google-breakpad/src/common/convert_UTF.c */; settings = { COMPILER_FLAGS = ""; }; };
85D9B48A7096457791ABF1DB /* /Users/graham/LL/3p-google-breakpad/src/common/string_conversion.cc */ = {isa = PBXBuildFile; fileRef = CCC20AD257434B04AB2BA83E /* /Users/graham/LL/3p-google-breakpad/src/common/string_conversion.cc */; settings = { COMPILER_FLAGS = ""; }; };
50416FC5CE904B6E8DF0E5E8 /* /Users/graham/LL/3p-google-breakpad/src/common/md5.cc */ = {isa = PBXBuildFile; fileRef = 44EB7F5C837343C0BD91E42A /* /Users/graham/LL/3p-google-breakpad/src/common/md5.cc */; settings = { COMPILER_FLAGS = ""; }; };
21674F71518945188E95A7BC /* /Users/graham/LL/3p-google-breakpad/src/common/mac/file_id.cc */ = {isa = PBXBuildFile; fileRef = EF87B1C74A2A48A59ABC95B7 /* /Users/graham/LL/3p-google-breakpad/src/common/mac/file_id.cc */; settings = { COMPILER_FLAGS = ""; }; };
0FA7C4BC5347498E802FB683 /* /Users/graham/LL/3p-google-breakpad/src/common/mac/macho_id.cc */ = {isa = PBXBuildFile; fileRef = D980071B453843229D5A140A /* /Users/graham/LL/3p-google-breakpad/src/common/mac/macho_id.cc */; settings = { COMPILER_FLAGS = ""; }; };
187F81F3F09948CEAD3FE653 /* /Users/graham/LL/3p-google-breakpad/src/common/mac/macho_utilities.cc */ = {isa = PBXBuildFile; fileRef = 8DDC3999A7A44DA8B0505818 /* /Users/graham/LL/3p-google-breakpad/src/common/mac/macho_utilities.cc */; settings = { COMPILER_FLAGS = ""; }; };
60B41B70B6704A8DB9C6B2D4 /* /Users/graham/LL/3p-google-breakpad/src/common/mac/macho_walker.cc */ = {isa = PBXBuildFile; fileRef = B55922AF69BC4086901B0166 /* /Users/graham/LL/3p-google-breakpad/src/common/mac/macho_walker.cc */; settings = { COMPILER_FLAGS = ""; }; };
74A801F0E4D8487A856DFB9E /* /Users/graham/LL/3p-google-breakpad/src/common/mac/string_utilities.cc */ = {isa = PBXBuildFile; fileRef = B9726C9D559643CDA02AEBC0 /* /Users/graham/LL/3p-google-breakpad/src/common/mac/string_utilities.cc */; settings = { COMPILER_FLAGS = ""; }; };
10AEC56412884FFFA4E63CFD /* /Users/graham/LL/3p-google-breakpad/src/common/mac/MachIPC.mm */ = {isa = PBXBuildFile; fileRef = 7C9DAB5CC7C34676A999B8F2 /* /Users/graham/LL/3p-google-breakpad/src/common/mac/MachIPC.mm */; settings = { COMPILER_FLAGS = ""; }; };
88AC8813E5604824BCEEBF43 /* /Users/graham/LL/3p-google-breakpad/src/common/mac/bootstrap_compat.cc */ = {isa = PBXBuildFile; fileRef = DBB99BD75D4C4AE7ADCA1499 /* /Users/graham/LL/3p-google-breakpad/src/common/mac/bootstrap_compat.cc */; settings = { COMPILER_FLAGS = ""; }; };
22B971C912654A7484049FF1 /* /Users/graham/LL/3p-google-breakpad/src/client/mac/handler/exception_handler.h */ = {isa = PBXBuildFile; fileRef = 741C1608BA5B4E79B949406C /* /Users/graham/LL/3p-google-breakpad/src/client/mac/handler/exception_handler.h */; settings = { COMPILER_FLAGS = ""; }; };
D60461B082574333811F6B6B /* /Users/graham/LL/3p-google-breakpad/src/client/mac/handler/CMakeLists.txt */ = {isa = PBXBuildFile; fileRef = 17923138AD674CDDA7373E0A /* /Users/graham/LL/3p-google-breakpad/src/client/mac/handler/CMakeLists.txt */; settings = { COMPILER_FLAGS = ""; }; };
/* End PBXBuildFile section */

/* Begin PBXBuildStyle section */
              3D2DBE62300942E2996E5A92 /*  */ = {
                     isa = PBXBuildStyle;
              };
              E02CFF501E5B4BDFBB9C5230 /* Debug */ = {
                     isa = PBXBuildStyle;
                     buildSettings = {
                            COPY_PHASE_STRIP = NO;
                     };
                     name = Debug;
              };
              9B03B073345E40308F6B029C /* Release */ = {
                     isa = PBXBuildStyle;
                     buildSettings = {
                            COPY_PHASE_STRIP = NO;
                     };
                     name = Release;
              };
              992BDF45E8344CE4A28812F8 /* MinSizeRel */ = {
                     isa = PBXBuildStyle;
                     buildSettings = {
                            COPY_PHASE_STRIP = NO;
                     };
                     name = MinSizeRel;
              };
              4BB2D34CB7DE4B8C89FEE4C7 /* RelWithDebInfo */ = {
                     isa = PBXBuildStyle;
                     buildSettings = {
                            COPY_PHASE_STRIP = NO;
                     };
                     name = RelWithDebInfo;
              };
/* End PBXBuildStyle section */

/* Begin PBXContainerItemProxy section */
              4A70C9C5C4B74DBE901A6836 /* PBXContainerItemProxy */ = {
                     isa = PBXContainerItemProxy;
                     containerPortal = 40DCA6E7B00545E8A38A4D0E /* Project object */;
                     proxyType = 1;
                     remoteGlobalIDString = 9B22F1E169CF468A8D7C28EA;
                     remoteInfo = ZERO_CHECK;
              };
              79890AB80C1E4092A79A829A /* PBXContainerItemProxy */ = {
                     isa = PBXContainerItemProxy;
                     containerPortal = 40DCA6E7B00545E8A38A4D0E /* Project object */;
                     proxyType = 1;
                     remoteGlobalIDString = CB212566A9FE4517B52F319B;
                     remoteInfo = exception_handler;
              };
/* End PBXContainerItemProxy section */

/* Begin PBXFileReference section */
16AB95995FEE40F18BAC2016 /* /Users/graham/LL/3p-google-breakpad/src/CMakeLists.txt */ = {isa = PBXFileReference; fileEncoding = 4; lastKnownFileType = "sourcecode.text"; name = "CMakeLists.txt"; path = "CMakeLists.txt"; sourceTree = SOURCE_ROOT; };
129C27B5F97C48CAB4780FC4 /* /Users/graham/LL/3p-google-breakpad/src/client/mac/handler/breakpad_nlist_64.cc */ = {isa = PBXFileReference; fileEncoding = 4; lastKnownFileType = "sourcecode.cpp.cpp"; name = "breakpad_nlist_64.cc"; path = "client/mac/handler/breakpad_nlist_64.cc"; sourceTree = SOURCE_ROOT; };
AEAB409B5DAA4725882F236D /* /Users/graham/LL/3p-google-breakpad/src/client/mac/handler/dynamic_images.cc */ = {isa = PBXFileReference; fileEncoding = 4; lastKnownFileType = "sourcecode.cpp.cpp"; name = "dynamic_images.cc"; path = "client/mac/handler/dynamic_images.cc"; sourceTree = SOURCE_ROOT; };
09CF09A52D454A17860CCA3C /* /Users/graham/LL/3p-google-breakpad/src/client/mac/handler/exception_handler.cc */ = {isa = PBXFileReference; fileEncoding = 4; lastKnownFileType = "sourcecode.cpp.cpp"; name = "exception_handler.cc"; path = "client/mac/handler/exception_handler.cc"; sourceTree = SOURCE_ROOT; };
69CE176D72344ACDA1A446FD /* /Users/graham/LL/3p-google-breakpad/src/client/mac/handler/minidump_generator.cc */ = {isa = PBXFileReference; fileEncoding = 4; lastKnownFileType = "sourcecode.cpp.cpp"; name = "minidump_generator.cc"; path = "client/mac/handler/minidump_generator.cc"; sourceTree = SOURCE_ROOT; };
DDBC932B63FB447A8292A697 /* /Users/graham/LL/3p-google-breakpad/src/client/mac/crash_generation/crash_generation_client.cc */ = {isa = PBXFileReference; fileEncoding = 4; lastKnownFileType = "sourcecode.cpp.cpp"; name = "crash_generation_client.cc"; path = "client/mac/crash_generation/crash_generation_client.cc"; sourceTree = SOURCE_ROOT; };
EBEF32BE9ECD47F1AB5A5668 /* /Users/graham/LL/3p-google-breakpad/src/client/minidump_file_writer.cc */ = {isa = PBXFileReference; fileEncoding = 4; lastKnownFileType = "sourcecode.cpp.cpp"; name = "minidump_file_writer.cc"; path = "client/minidump_file_writer.cc"; sourceTree = SOURCE_ROOT; };
242D0CA7EDE3492EA1E33FDB /* /Users/graham/LL/3p-google-breakpad/src/common/convert_UTF.c */ = {isa = PBXFileReference; fileEncoding = 4; lastKnownFileType = "sourcecode.c.c"; name = "convert_UTF.c"; path = "common/convert_UTF.c"; sourceTree = SOURCE_ROOT; };
CCC20AD257434B04AB2BA83E /* /Users/graham/LL/3p-google-breakpad/src/common/string_conversion.cc */ = {isa = PBXFileReference; fileEncoding = 4; lastKnownFileType = "sourcecode.cpp.cpp"; name = "string_conversion.cc"; path = "common/string_conversion.cc"; sourceTree = SOURCE_ROOT; };
44EB7F5C837343C0BD91E42A /* /Users/graham/LL/3p-google-breakpad/src/common/md5.cc */ = {isa = PBXFileReference; fileEncoding = 4; lastKnownFileType = "sourcecode.cpp.cpp"; name = "md5.cc"; path = "common/md5.cc"; sourceTree = SOURCE_ROOT; };
EF87B1C74A2A48A59ABC95B7 /* /Users/graham/LL/3p-google-breakpad/src/common/mac/file_id.cc */ = {isa = PBXFileReference; fileEncoding = 4; lastKnownFileType = "sourcecode.cpp.cpp"; name = "file_id.cc"; path = "common/mac/file_id.cc"; sourceTree = SOURCE_ROOT; };
D980071B453843229D5A140A /* /Users/graham/LL/3p-google-breakpad/src/common/mac/macho_id.cc */ = {isa = PBXFileReference; fileEncoding = 4; lastKnownFileType = "sourcecode.cpp.cpp"; name = "macho_id.cc"; path = "common/mac/macho_id.cc"; sourceTree = SOURCE_ROOT; };
8DDC3999A7A44DA8B0505818 /* /Users/graham/LL/3p-google-breakpad/src/common/mac/macho_utilities.cc */ = {isa = PBXFileReference; fileEncoding = 4; lastKnownFileType = "sourcecode.cpp.cpp"; name = "macho_utilities.cc"; path = "common/mac/macho_utilities.cc"; sourceTree = SOURCE_ROOT; };
B55922AF69BC4086901B0166 /* /Users/graham/LL/3p-google-breakpad/src/common/mac/macho_walker.cc */ = {isa = PBXFileReference; fileEncoding = 4; lastKnownFileType = "sourcecode.cpp.cpp"; name = "macho_walker.cc"; path = "common/mac/macho_walker.cc"; sourceTree = SOURCE_ROOT; };
B9726C9D559643CDA02AEBC0 /* /Users/graham/LL/3p-google-breakpad/src/common/mac/string_utilities.cc */ = {isa = PBXFileReference; fileEncoding = 4; lastKnownFileType = "sourcecode.cpp.cpp"; name = "string_utilities.cc"; path = "common/mac/string_utilities.cc"; sourceTree = SOURCE_ROOT; };
7C9DAB5CC7C34676A999B8F2 /* /Users/graham/LL/3p-google-breakpad/src/common/mac/MachIPC.mm */ = {isa = PBXFileReference; fileEncoding = 4; lastKnownFileType = "sourcecode.cpp.objcpp"; name = "MachIPC.mm"; path = "common/mac/MachIPC.mm"; sourceTree = SOURCE_ROOT; };
DBB99BD75D4C4AE7ADCA1499 /* /Users/graham/LL/3p-google-breakpad/src/common/mac/bootstrap_compat.cc */ = {isa = PBXFileReference; fileEncoding = 4; lastKnownFileType = "sourcecode.cpp.cpp"; name = "bootstrap_compat.cc"; path = "common/mac/bootstrap_compat.cc"; sourceTree = SOURCE_ROOT; };
741C1608BA5B4E79B949406C /* /Users/graham/LL/3p-google-breakpad/src/client/mac/handler/exception_handler.h */ = {isa = PBXFileReference; fileEncoding = 4; lastKnownFileType = "sourcecode.c.h"; name = "exception_handler.h"; path = "client/mac/handler/exception_handler.h"; sourceTree = SOURCE_ROOT; };
17923138AD674CDDA7373E0A /* /Users/graham/LL/3p-google-breakpad/src/client/mac/handler/CMakeLists.txt */ = {isa = PBXFileReference; fileEncoding = 4; lastKnownFileType = "sourcecode.text"; name = "CMakeLists.txt"; path = "client/mac/handler/CMakeLists.txt"; sourceTree = SOURCE_ROOT; };
1DF77C35B0E140F5B1E68491 /* exception_handler */ = {isa = PBXFileReference; explicitFileType = "compiled.mach-o.dylib"; path = "libexception_handler.dylib"; refType = 0; sourceTree = BUILT_PRODUCTS_DIR; };
/* End PBXFileReference section */

/* Begin PBXGroup section */
              00A1F5BCD04C4C40A2486D64  = {
                     isa = PBXGroup;
                     children = (
                            F437BD2AE9B944DAAB10E270 /* Sources */,
                            04C9465046F545C2842E4A58 /* Resources */,
                            829E170AECA3411797BBEB23 /* Products */,
                     );
                     sourceTree = "<group>";
              };
              F437BD2AE9B944DAAB10E270 /* Sources */ = {
                     isa = PBXGroup;
                     children = (
                            A528AFAA3B0A4E58B70E8D7B /* ALL_BUILD */,
                            10AB22DF17AB4AF891BF7616 /* ZERO_CHECK */,
                            79DDCE26BAB946BA8C6DF384 /* exception_handler */,
                     );
                     name = Sources;
                     sourceTree = "<group>";
              };
              04C9465046F545C2842E4A58 /* Resources */ = {
                     isa = PBXGroup;
                     children = (
                     );
                     name = Resources;
                     sourceTree = "<group>";
              };
              A528AFAA3B0A4E58B70E8D7B /* ALL_BUILD */ = {
                     isa = PBXGroup;
                     children = (
                            FC4D047370944E3C85CBA4C8 /* CMake Rules */,
                            16AB95995FEE40F18BAC2016 /* /Users/graham/LL/3p-google-breakpad/src/CMakeLists.txt */,
                     );
                     name = ALL_BUILD;
                     sourceTree = "<group>";
              };
              FC4D047370944E3C85CBA4C8 /* CMake Rules */ = {
                     isa = PBXGroup;
                     children = (
                     );
                     name = "CMake Rules";
                     sourceTree = "<group>";
              };
              10AB22DF17AB4AF891BF7616 /* ZERO_CHECK */ = {
                     isa = PBXGroup;
                     children = (
                            42BA91F5397B4169B9FBED3D /* CMake Rules */,
                            16AB95995FEE40F18BAC2016 /* /Users/graham/LL/3p-google-breakpad/src/CMakeLists.txt */,
                     );
                     name = ZERO_CHECK;
                     sourceTree = "<group>";
              };
              42BA91F5397B4169B9FBED3D /* CMake Rules */ = {
                     isa = PBXGroup;
                     children = (
                     );
                     name = "CMake Rules";
                     sourceTree = "<group>";
              };
              79DDCE26BAB946BA8C6DF384 /* exception_handler */ = {
                     isa = PBXGroup;
                     children = (
                            28CB350AD4644FE78DB270ED /* Source Files */,
                            022B097767D04483B9C6AB64 /* Header Files */,
                            17923138AD674CDDA7373E0A /* /Users/graham/LL/3p-google-breakpad/src/client/mac/handler/CMakeLists.txt */,
                     );
                     name = exception_handler;
                     sourceTree = "<group>";
              };
              28CB350AD4644FE78DB270ED /* Source Files */ = {
                     isa = PBXGroup;
                     children = (
                            129C27B5F97C48CAB4780FC4 /* /Users/graham/LL/3p-google-breakpad/src/client/mac/handler/breakpad_nlist_64.cc */,
                            AEAB409B5DAA4725882F236D /* /Users/graham/LL/3p-google-breakpad/src/client/mac/handler/dynamic_images.cc */,
                            09CF09A52D454A17860CCA3C /* /Users/graham/LL/3p-google-breakpad/src/client/mac/handler/exception_handler.cc */,
                            69CE176D72344ACDA1A446FD /* /Users/graham/LL/3p-google-breakpad/src/client/mac/handler/minidump_generator.cc */,
                            DDBC932B63FB447A8292A697 /* /Users/graham/LL/3p-google-breakpad/src/client/mac/crash_generation/crash_generation_client.cc */,
                            EBEF32BE9ECD47F1AB5A5668 /* /Users/graham/LL/3p-google-breakpad/src/client/minidump_file_writer.cc */,
                            242D0CA7EDE3492EA1E33FDB /* /Users/graham/LL/3p-google-breakpad/src/common/convert_UTF.c */,
                            CCC20AD257434B04AB2BA83E /* /Users/graham/LL/3p-google-breakpad/src/common/string_conversion.cc */,
                            44EB7F5C837343C0BD91E42A /* /Users/graham/LL/3p-google-breakpad/src/common/md5.cc */,
                            EF87B1C74A2A48A59ABC95B7 /* /Users/graham/LL/3p-google-breakpad/src/common/mac/file_id.cc */,
                            D980071B453843229D5A140A /* /Users/graham/LL/3p-google-breakpad/src/common/mac/macho_id.cc */,
                            8DDC3999A7A44DA8B0505818 /* /Users/graham/LL/3p-google-breakpad/src/common/mac/macho_utilities.cc */,
                            B55922AF69BC4086901B0166 /* /Users/graham/LL/3p-google-breakpad/src/common/mac/macho_walker.cc */,
                            B9726C9D559643CDA02AEBC0 /* /Users/graham/LL/3p-google-breakpad/src/common/mac/string_utilities.cc */,
                            7C9DAB5CC7C34676A999B8F2 /* /Users/graham/LL/3p-google-breakpad/src/common/mac/MachIPC.mm */,
                            DBB99BD75D4C4AE7ADCA1499 /* /Users/graham/LL/3p-google-breakpad/src/common/mac/bootstrap_compat.cc */,
                     );
                     name = "Source Files";
                     sourceTree = "<group>";
              };
              022B097767D04483B9C6AB64 /* Header Files */ = {
                     isa = PBXGroup;
                     children = (
                            741C1608BA5B4E79B949406C /* /Users/graham/LL/3p-google-breakpad/src/client/mac/handler/exception_handler.h */,
                     );
                     name = "Header Files";
                     sourceTree = "<group>";
              };
              829E170AECA3411797BBEB23 /* Products */ = {
                     isa = PBXGroup;
                     children = (
                            1DF77C35B0E140F5B1E68491 /* exception_handler */,
                     );
                     name = Products;
                     sourceTree = "<group>";
              };
/* End PBXGroup section */

/* Begin PBXNativeTarget section */
              CB212566A9FE4517B52F319B /* exception_handler */ = {
                     isa = PBXNativeTarget;
                     buildConfigurationList = F8AF8B84C22E45CBA1483CC3 /* Build configuration list for PBXNativeTarget "exception_handler" */;
                     buildPhases = (
                            8726990B12004922A84B5563 /* Sources */,
                            75C89DB2AC0A44B39662FAC3 /* CMake PostBuild Rules */,
                     );
                     buildRules = (
                     );
                     dependencies = (
                            1BFA3DAE8E4E4D4CA78CC49A /* PBXTargetDependency */,
                     );
                     name = exception_handler;
                     productName = exception_handler;
                     productReference = 1DF77C35B0E140F5B1E68491 /* exception_handler */;
                     productType = "com.apple.product-type.library.dynamic";
              };
/* End PBXNativeTarget section */

/* Begin PBXProject section */
              40DCA6E7B00545E8A38A4D0E /* Project object */ = {
                     isa = PBXProject;
                     attributes = {
                            BuildIndependentTargetsInParallel = YES;
                     };
                     buildConfigurationList = ACF5C91105C04EB1A6195C34 /* Build configuration list for PBXProject  "google_breakpad" */;
                     buildSettings = {
                     };
                     buildStyles = (
                            E02CFF501E5B4BDFBB9C5230 /* Debug */,
                            9B03B073345E40308F6B029C /* Release */,
                            992BDF45E8344CE4A28812F8 /* MinSizeRel */,
                            4BB2D34CB7DE4B8C89FEE4C7 /* RelWithDebInfo */,
                     );
                     compatibilityVersion = "Xcode 3.2";
                     hasScannedForEncodings = 0;
                     mainGroup = 00A1F5BCD04C4C40A2486D64;
                     projectDirPath = ".";
                     projectRoot = "";
                     targets = (
                            E1AEF23FBB0342FEA853DE8A /* ALL_BUILD */,
                            9B22F1E169CF468A8D7C28EA /* ZERO_CHECK */,
                            CB212566A9FE4517B52F319B /* exception_handler */,
                     );
              };
/* End PBXProject section */

/* Begin PBXShellScriptBuildPhase section */
              13019CD6376F41E2BAB44B02 /*  */ = {
                     isa = PBXShellScriptBuildPhase;
                     buildActionMask = 2147483647;
                     files = (
                     );
                     inputPaths = (
                     );
                     outputPaths = (
                     );
                     runOnlyForDeploymentPostprocessing = 0;
                     shellPath = /bin/sh;
                     shellScript = "# shell script goes here
exit 0";
                     showEnvVarsInLog = 0;
              };
              998B055BA80D4890957EF990 /* CMake Rules */ = {
                     isa = PBXShellScriptBuildPhase;
                     buildActionMask = 2147483647;
                     files = (
                     );
                     name = "CMake Rules";
                     runOnlyForDeploymentPostprocessing = 0;
                     shellPath = /bin/sh;
                     shellScript = "make -C /Users/graham/LL/3p-google-breakpad/src -f /Users/graham/LL/3p-google-breakpad/src/CMakeScripts/ALL_BUILD_cmakeRulesBuildPhase.make$CONFIGURATION all";
                     showEnvVarsInLog = 0;
              };
              76F1A77033CB411A9DA3E463 /*  */ = {
                     isa = PBXShellScriptBuildPhase;
                     buildActionMask = 2147483647;
                     files = (
                     );
                     inputPaths = (
                     );
                     outputPaths = (
                     );
                     runOnlyForDeploymentPostprocessing = 0;
                     shellPath = /bin/sh;
                     shellScript = "# shell script goes here
exit 0";
                     showEnvVarsInLog = 0;
              };
              58F402F1FD8E424F8BB8A513 /* CMake Rules */ = {
                     isa = PBXShellScriptBuildPhase;
                     buildActionMask = 2147483647;
                     files = (
                     );
                     name = "CMake Rules";
                     runOnlyForDeploymentPostprocessing = 0;
                     shellPath = /bin/sh;
                     shellScript = "make -C /Users/graham/LL/3p-google-breakpad/src -f /Users/graham/LL/3p-google-breakpad/src/CMakeScripts/ZERO_CHECK_cmakeRulesBuildPhase.make$CONFIGURATION all";
                     showEnvVarsInLog = 0;
              };
              75C89DB2AC0A44B39662FAC3 /* CMake PostBuild Rules */ = {
                     isa = PBXShellScriptBuildPhase;
                     buildActionMask = 2147483647;
                     files = (
                     );
                     name = "CMake PostBuild Rules";
                     runOnlyForDeploymentPostprocessing = 0;
                     shellPath = /bin/sh;
                     shellScript = "make -C /Users/graham/LL/3p-google-breakpad/src/client/mac/handler -f /Users/graham/LL/3p-google-breakpad/src/client/mac/handler/CMakeScripts/exception_handler_postBuildPhase.make$CONFIGURATION all";
                     showEnvVarsInLog = 0;
              };
/* End PBXShellScriptBuildPhase section */

/* Begin PBXSourcesBuildPhase section */
              8726990B12004922A84B5563 /* Sources */ = {
                     isa = PBXSourcesBuildPhase;
                     buildActionMask = 2147483647;
                     files = (
                            841C5A81A8C3424CB4BB4BF3 /* /Users/graham/LL/3p-google-breakpad/src/client/mac/handler/breakpad_nlist_64.cc */,
                            8FE1808A48B941A19F73D5E5 /* /Users/graham/LL/3p-google-breakpad/src/client/mac/handler/dynamic_images.cc */,
                            88145A71677244609B2D9D84 /* /Users/graham/LL/3p-google-breakpad/src/client/mac/handler/exception_handler.cc */,
                            989391946A6C488AAF04132F /* /Users/graham/LL/3p-google-breakpad/src/client/mac/handler/minidump_generator.cc */,
                            36A859E134604D2BA51F79BD /* /Users/graham/LL/3p-google-breakpad/src/client/mac/crash_generation/crash_generation_client.cc */,
                            A4988979A32E4ACAA9DAC0E9 /* /Users/graham/LL/3p-google-breakpad/src/client/minidump_file_writer.cc */,
                            FED9A90CB3A3429C844D151E /* /Users/graham/LL/3p-google-breakpad/src/common/convert_UTF.c */,
                            85D9B48A7096457791ABF1DB /* /Users/graham/LL/3p-google-breakpad/src/common/string_conversion.cc */,
                            50416FC5CE904B6E8DF0E5E8 /* /Users/graham/LL/3p-google-breakpad/src/common/md5.cc */,
                            21674F71518945188E95A7BC /* /Users/graham/LL/3p-google-breakpad/src/common/mac/file_id.cc */,
                            0FA7C4BC5347498E802FB683 /* /Users/graham/LL/3p-google-breakpad/src/common/mac/macho_id.cc */,
                            187F81F3F09948CEAD3FE653 /* /Users/graham/LL/3p-google-breakpad/src/common/mac/macho_utilities.cc */,
                            60B41B70B6704A8DB9C6B2D4 /* /Users/graham/LL/3p-google-breakpad/src/common/mac/macho_walker.cc */,
                            74A801F0E4D8487A856DFB9E /* /Users/graham/LL/3p-google-breakpad/src/common/mac/string_utilities.cc */,
                            10AEC56412884FFFA4E63CFD /* /Users/graham/LL/3p-google-breakpad/src/common/mac/MachIPC.mm */,
                            88AC8813E5604824BCEEBF43 /* /Users/graham/LL/3p-google-breakpad/src/common/mac/bootstrap_compat.cc */,
                     );
                     runOnlyForDeploymentPostprocessing = 0;
              };
/* End PBXSourcesBuildPhase section */

/* Begin PBXTargetDependency section */
              1BFA3DAE8E4E4D4CA78CC49A /* PBXTargetDependency */ = {
                     isa = PBXTargetDependency;
                     target = 9B22F1E169CF468A8D7C28EA /* ZERO_CHECK */;
                     targetProxy = 4A70C9C5C4B74DBE901A6836 /* PBXContainerItemProxy */;
              };
              25D079545E5C4E16AC5C6F5B /* PBXTargetDependency */ = {
                     isa = PBXTargetDependency;
                     target = CB212566A9FE4517B52F319B /* exception_handler */;
                     targetProxy = 79890AB80C1E4092A79A829A /* PBXContainerItemProxy */;
              };
/* End PBXTargetDependency section */

/* Begin XCBuildConfiguration section */
              F70077BDEFB440DA84792D4A /* Debug */ = {
                     isa = XCBuildConfiguration;
                     buildSettings = {
                            ARCHS = i386;
                            GCC_VERSION = "com.apple.compilers.llvmgcc42";
                            MACOSX_DEPLOYMENT_TARGET = "10.6";
                            SDKROOT = "/Applications/Xcode.app/Contents/Developer/Platforms/MacOSX.platform/Developer/SDKs/MacOSX10.8.sdk";
                            SYMROOT = "/Users/graham/LL/3p-google-breakpad/src/build";
                     };
                     name = Debug;
              };
              0B71BAADCEF84FE59B56CC13 /* Release */ = {
                     isa = XCBuildConfiguration;
                     buildSettings = {
                            ARCHS = i386;
                            GCC_VERSION = "com.apple.compilers.llvmgcc42";
                            MACOSX_DEPLOYMENT_TARGET = "10.6";
                            SDKROOT = "/Applications/Xcode.app/Contents/Developer/Platforms/MacOSX.platform/Developer/SDKs/MacOSX10.8.sdk";
                            SYMROOT = "/Users/graham/LL/3p-google-breakpad/src/build";
                     };
                     name = Release;
              };
              C25241BD607D4F5FB1486418 /* MinSizeRel */ = {
                     isa = XCBuildConfiguration;
                     buildSettings = {
                            ARCHS = i386;
                            GCC_VERSION = "com.apple.compilers.llvmgcc42";
                            MACOSX_DEPLOYMENT_TARGET = "10.6";
                            SDKROOT = "/Applications/Xcode.app/Contents/Developer/Platforms/MacOSX.platform/Developer/SDKs/MacOSX10.8.sdk";
                            SYMROOT = "/Users/graham/LL/3p-google-breakpad/src/build";
                     };
                     name = MinSizeRel;
              };
              4C2E0C2C90BB437CADAEEC3A /* RelWithDebInfo */ = {
                     isa = XCBuildConfiguration;
                     buildSettings = {
                            ARCHS = i386;
                            GCC_VERSION = "com.apple.compilers.llvmgcc42";
                            MACOSX_DEPLOYMENT_TARGET = "10.6";
                            SDKROOT = "/Applications/Xcode.app/Contents/Developer/Platforms/MacOSX.platform/Developer/SDKs/MacOSX10.8.sdk";
                            SYMROOT = "/Users/graham/LL/3p-google-breakpad/src/build";
                     };
                     name = RelWithDebInfo;
              };
              CEF3AE25A46D46CCB479FE5E /* Debug */ = {
                     isa = XCBuildConfiguration;
                     buildSettings = {
                            ARCHS = i386;
                            GCC_GENERATE_DEBUGGING_SYMBOLS = NO;
                            GCC_INLINES_ARE_PRIVATE_EXTERN = NO;
                            GCC_OPTIMIZATION_LEVEL = 0;
                            GCC_PREPROCESSOR_DEFINITIONS = ("'CMAKE_INTDIR=\"$(CONFIGURATION)$(EFFECTIVE_PLATFORM_NAME)\"'", );
                            GCC_SYMBOLS_PRIVATE_EXTERN = NO;
                            INSTALL_PATH = "";
                            ONLY_ACTIVE_ARCH = NO;
                            OTHER_CFLAGS = "  ";
                            OTHER_LDFLAGS = "";
                            OTHER_REZFLAGS = "";
                            PRODUCT_NAME = ALL_BUILD;
                            SECTORDER_FLAGS = "";
                            SYMROOT = "/Users/graham/LL/3p-google-breakpad/src";
                            USE_HEADERMAP = NO;
                            WARNING_CFLAGS = ("-Wmost", "-Wno-four-char-constants", "-Wno-unknown-pragmas", );
                     };
                     name = Debug;
              };
              3426F82BAE614A3CB6D95A6E /* Release */ = {
                     isa = XCBuildConfiguration;
                     buildSettings = {
                            ARCHS = i386;
                            GCC_GENERATE_DEBUGGING_SYMBOLS = NO;
                            GCC_INLINES_ARE_PRIVATE_EXTERN = NO;
                            GCC_OPTIMIZATION_LEVEL = 0;
                            GCC_PREPROCESSOR_DEFINITIONS = ("'CMAKE_INTDIR=\"$(CONFIGURATION)$(EFFECTIVE_PLATFORM_NAME)\"'", );
                            GCC_SYMBOLS_PRIVATE_EXTERN = NO;
                            INSTALL_PATH = "";
                            ONLY_ACTIVE_ARCH = NO;
                            OTHER_CFLAGS = "  ";
                            OTHER_LDFLAGS = "";
                            OTHER_REZFLAGS = "";
                            PRODUCT_NAME = ALL_BUILD;
                            SECTORDER_FLAGS = "";
                            SYMROOT = "/Users/graham/LL/3p-google-breakpad/src";
                            USE_HEADERMAP = NO;
                            WARNING_CFLAGS = ("-Wmost", "-Wno-four-char-constants", "-Wno-unknown-pragmas", );
                     };
                     name = Release;
              };
              88F212689F744E65BB953AFF /* MinSizeRel */ = {
                     isa = XCBuildConfiguration;
                     buildSettings = {
                            ARCHS = i386;
                            GCC_GENERATE_DEBUGGING_SYMBOLS = NO;
                            GCC_INLINES_ARE_PRIVATE_EXTERN = NO;
                            GCC_OPTIMIZATION_LEVEL = 0;
                            GCC_PREPROCESSOR_DEFINITIONS = ("'CMAKE_INTDIR=\"$(CONFIGURATION)$(EFFECTIVE_PLATFORM_NAME)\"'", );
                            GCC_SYMBOLS_PRIVATE_EXTERN = NO;
                            INSTALL_PATH = "";
                            ONLY_ACTIVE_ARCH = NO;
                            OTHER_CFLAGS = "  ";
                            OTHER_LDFLAGS = "";
                            OTHER_REZFLAGS = "";
                            PRODUCT_NAME = ALL_BUILD;
                            SECTORDER_FLAGS = "";
                            SYMROOT = "/Users/graham/LL/3p-google-breakpad/src";
                            USE_HEADERMAP = NO;
                            WARNING_CFLAGS = ("-Wmost", "-Wno-four-char-constants", "-Wno-unknown-pragmas", );
                     };
                     name = MinSizeRel;
              };
              EE3AFB125C3A42C58D167215 /* RelWithDebInfo */ = {
                     isa = XCBuildConfiguration;
                     buildSettings = {
                            ARCHS = i386;
                            GCC_GENERATE_DEBUGGING_SYMBOLS = NO;
                            GCC_INLINES_ARE_PRIVATE_EXTERN = NO;
                            GCC_OPTIMIZATION_LEVEL = 0;
                            GCC_PREPROCESSOR_DEFINITIONS = ("'CMAKE_INTDIR=\"$(CONFIGURATION)$(EFFECTIVE_PLATFORM_NAME)\"'", );
                            GCC_SYMBOLS_PRIVATE_EXTERN = NO;
                            INSTALL_PATH = "";
                            ONLY_ACTIVE_ARCH = NO;
                            OTHER_CFLAGS = "  ";
                            OTHER_LDFLAGS = "";
                            OTHER_REZFLAGS = "";
                            PRODUCT_NAME = ALL_BUILD;
                            SECTORDER_FLAGS = "";
                            SYMROOT = "/Users/graham/LL/3p-google-breakpad/src";
                            USE_HEADERMAP = NO;
                            WARNING_CFLAGS = ("-Wmost", "-Wno-four-char-constants", "-Wno-unknown-pragmas", );
                     };
                     name = RelWithDebInfo;
              };
              8E955B0ABE114105B322963C /* Debug */ = {
                     isa = XCBuildConfiguration;
                     buildSettings = {
                            ARCHS = i386;
                            GCC_GENERATE_DEBUGGING_SYMBOLS = NO;
                            GCC_INLINES_ARE_PRIVATE_EXTERN = NO;
                            GCC_OPTIMIZATION_LEVEL = 0;
                            GCC_PREPROCESSOR_DEFINITIONS = ("'CMAKE_INTDIR=\"$(CONFIGURATION)$(EFFECTIVE_PLATFORM_NAME)\"'", );
                            GCC_SYMBOLS_PRIVATE_EXTERN = NO;
                            INSTALL_PATH = "";
                            ONLY_ACTIVE_ARCH = NO;
                            OTHER_CFLAGS = "  ";
                            OTHER_LDFLAGS = "";
                            OTHER_REZFLAGS = "";
                            PRODUCT_NAME = ZERO_CHECK;
                            SECTORDER_FLAGS = "";
                            SYMROOT = "/Users/graham/LL/3p-google-breakpad/src";
                            USE_HEADERMAP = NO;
                            WARNING_CFLAGS = ("-Wmost", "-Wno-four-char-constants", "-Wno-unknown-pragmas", );
                     };
                     name = Debug;
              };
              23B3C16A47E74F9D8D88E093 /* Release */ = {
                     isa = XCBuildConfiguration;
                     buildSettings = {
                            ARCHS = i386;
                            GCC_GENERATE_DEBUGGING_SYMBOLS = NO;
                            GCC_INLINES_ARE_PRIVATE_EXTERN = NO;
                            GCC_OPTIMIZATION_LEVEL = 0;
                            GCC_PREPROCESSOR_DEFINITIONS = ("'CMAKE_INTDIR=\"$(CONFIGURATION)$(EFFECTIVE_PLATFORM_NAME)\"'", );
                            GCC_SYMBOLS_PRIVATE_EXTERN = NO;
                            INSTALL_PATH = "";
                            ONLY_ACTIVE_ARCH = NO;
                            OTHER_CFLAGS = "  ";
                            OTHER_LDFLAGS = "";
                            OTHER_REZFLAGS = "";
                            PRODUCT_NAME = ZERO_CHECK;
                            SECTORDER_FLAGS = "";
                            SYMROOT = "/Users/graham/LL/3p-google-breakpad/src";
                            USE_HEADERMAP = NO;
                            WARNING_CFLAGS = ("-Wmost", "-Wno-four-char-constants", "-Wno-unknown-pragmas", );
                     };
                     name = Release;
              };
              3B96F32F4C2F4A6B87986CB2 /* MinSizeRel */ = {
                     isa = XCBuildConfiguration;
                     buildSettings = {
                            ARCHS = i386;
                            GCC_GENERATE_DEBUGGING_SYMBOLS = NO;
                            GCC_INLINES_ARE_PRIVATE_EXTERN = NO;
                            GCC_OPTIMIZATION_LEVEL = 0;
                            GCC_PREPROCESSOR_DEFINITIONS = ("'CMAKE_INTDIR=\"$(CONFIGURATION)$(EFFECTIVE_PLATFORM_NAME)\"'", );
                            GCC_SYMBOLS_PRIVATE_EXTERN = NO;
                            INSTALL_PATH = "";
                            ONLY_ACTIVE_ARCH = NO;
                            OTHER_CFLAGS = "  ";
                            OTHER_LDFLAGS = "";
                            OTHER_REZFLAGS = "";
                            PRODUCT_NAME = ZERO_CHECK;
                            SECTORDER_FLAGS = "";
                            SYMROOT = "/Users/graham/LL/3p-google-breakpad/src";
                            USE_HEADERMAP = NO;
                            WARNING_CFLAGS = ("-Wmost", "-Wno-four-char-constants", "-Wno-unknown-pragmas", );
                     };
                     name = MinSizeRel;
              };
              FA825AF67C6C44BF9E328ED4 /* RelWithDebInfo */ = {
                     isa = XCBuildConfiguration;
                     buildSettings = {
                            ARCHS = i386;
                            GCC_GENERATE_DEBUGGING_SYMBOLS = NO;
                            GCC_INLINES_ARE_PRIVATE_EXTERN = NO;
                            GCC_OPTIMIZATION_LEVEL = 0;
                            GCC_PREPROCESSOR_DEFINITIONS = ("'CMAKE_INTDIR=\"$(CONFIGURATION)$(EFFECTIVE_PLATFORM_NAME)\"'", );
                            GCC_SYMBOLS_PRIVATE_EXTERN = NO;
                            INSTALL_PATH = "";
                            ONLY_ACTIVE_ARCH = NO;
                            OTHER_CFLAGS = "  ";
                            OTHER_LDFLAGS = "";
                            OTHER_REZFLAGS = "";
                            PRODUCT_NAME = ZERO_CHECK;
                            SECTORDER_FLAGS = "";
                            SYMROOT = "/Users/graham/LL/3p-google-breakpad/src";
                            USE_HEADERMAP = NO;
                            WARNING_CFLAGS = ("-Wmost", "-Wno-four-char-constants", "-Wno-unknown-pragmas", );
                     };
                     name = RelWithDebInfo;
              };
              90036A567153487BB61A9B1F /* Debug */ = {
                     isa = XCBuildConfiguration;
                     buildSettings = {
                            ARCHS = i386;
                            DYLIB_COMPATIBILITY_VERSION = "";
                            DYLIB_CURRENT_VERSION = "";
                            EXECUTABLE_PREFIX = lib;
                            EXECUTABLE_SUFFIX = ".dylib";
                            GCC_GENERATE_DEBUGGING_SYMBOLS = YES;
                            GCC_INLINES_ARE_PRIVATE_EXTERN = NO;
                            GCC_OPTIMIZATION_LEVEL = 0;
                            GCC_PREPROCESSOR_DEFINITIONS = ("'CMAKE_INTDIR=\"$(CONFIGURATION)$(EFFECTIVE_PLATFORM_NAME)\"'", exception_handler_EXPORTS, );
                            GCC_SYMBOLS_PRIVATE_EXTERN = NO;
                            HEADER_SEARCH_PATHS = ("/Users/graham/LL/3p-google-breakpad/src/common", "/Users/graham/LL/3p-google-breakpad/src/common/mac", "/Users/graham/LL/3p-google-breakpad/src/client", "/Users/graham/LL/3p-google-breakpad/src/client/mac/handler", "/Users/graham/LL/3p-google-breakpad/src", );
                            INSTALL_PATH = "@executable_path/../Resources";
                            LIBRARY_SEARCH_PATHS = "";
                            LIBRARY_STYLE = DYNAMIC;
                            ONLY_ACTIVE_ARCH = NO;
                            OTHER_CFLAGS = "-m32    -fPIC  ";
                            OTHER_CPLUSPLUSFLAGS = "-m32    -fPIC  ";
                            OTHER_LDFLAGS = "  -dynamiclib -Wl,-headerpad_max_install_names -lcrypto -framework Foundation";
                            OTHER_REZFLAGS = "";
                            PRODUCT_NAME = exception_handler;
                            SECTORDER_FLAGS = "";
                            SYMROOT = "/Users/graham/LL/3p-google-breakpad/src/client/mac/handler";
                            USE_HEADERMAP = NO;
                            WARNING_CFLAGS = ("-Wmost", "-Wno-four-char-constants", "-Wno-unknown-pragmas", );
                     };
                     name = Debug;
              };
              F4FF8B4613C54853A2FEF4B1 /* Release */ = {
                     isa = XCBuildConfiguration;
                     buildSettings = {
                            ARCHS = i386;
                            DYLIB_COMPATIBILITY_VERSION = "";
                            DYLIB_CURRENT_VERSION = "";
                            EXECUTABLE_PREFIX = lib;
                            EXECUTABLE_SUFFIX = ".dylib";
                            GCC_GENERATE_DEBUGGING_SYMBOLS = NO;
                            GCC_INLINES_ARE_PRIVATE_EXTERN = NO;
                            GCC_OPTIMIZATION_LEVEL = 3;
                            GCC_PREPROCESSOR_DEFINITIONS = ("'CMAKE_INTDIR=\"$(CONFIGURATION)$(EFFECTIVE_PLATFORM_NAME)\"'", exception_handler_EXPORTS, );
                            GCC_SYMBOLS_PRIVATE_EXTERN = NO;
                            HEADER_SEARCH_PATHS = ("/Users/graham/LL/3p-google-breakpad/src/common", "/Users/graham/LL/3p-google-breakpad/src/common/mac", "/Users/graham/LL/3p-google-breakpad/src/client", "/Users/graham/LL/3p-google-breakpad/src/client/mac/handler", "/Users/graham/LL/3p-google-breakpad/src", );
                            INSTALL_PATH = "@executable_path/../Resources";
                            LIBRARY_SEARCH_PATHS = "";
                            LIBRARY_STYLE = DYNAMIC;
                            ONLY_ACTIVE_ARCH = NO;
                            OTHER_CFLAGS = "-m32     -DNDEBUG -fPIC  ";
                            OTHER_CPLUSPLUSFLAGS = "-m32     -DNDEBUG -fPIC  ";
                            OTHER_LDFLAGS = "  -dynamiclib -Wl,-headerpad_max_install_names -lcrypto -framework Foundation";
                            OTHER_REZFLAGS = "";
                            PRODUCT_NAME = exception_handler;
                            SECTORDER_FLAGS = "";
                            SYMROOT = "/Users/graham/LL/3p-google-breakpad/src/client/mac/handler";
                            USE_HEADERMAP = NO;
                            WARNING_CFLAGS = ("-Wmost", "-Wno-four-char-constants", "-Wno-unknown-pragmas", );
                     };
                     name = Release;
              };
              6CE06224697B469BBE6D5D39 /* MinSizeRel */ = {
                     isa = XCBuildConfiguration;
                     buildSettings = {
                            ARCHS = i386;
                            DYLIB_COMPATIBILITY_VERSION = "";
                            DYLIB_CURRENT_VERSION = "";
                            EXECUTABLE_PREFIX = lib;
                            EXECUTABLE_SUFFIX = ".dylib";
                            GCC_GENERATE_DEBUGGING_SYMBOLS = NO;
                            GCC_INLINES_ARE_PRIVATE_EXTERN = NO;
                            GCC_OPTIMIZATION_LEVEL = s;
                            GCC_PREPROCESSOR_DEFINITIONS = ("'CMAKE_INTDIR=\"$(CONFIGURATION)$(EFFECTIVE_PLATFORM_NAME)\"'", exception_handler_EXPORTS, );
                            GCC_SYMBOLS_PRIVATE_EXTERN = NO;
                            HEADER_SEARCH_PATHS = ("/Users/graham/LL/3p-google-breakpad/src/common", "/Users/graham/LL/3p-google-breakpad/src/common/mac", "/Users/graham/LL/3p-google-breakpad/src/client", "/Users/graham/LL/3p-google-breakpad/src/client/mac/handler", "/Users/graham/LL/3p-google-breakpad/src", );
                            INSTALL_PATH = "@executable_path/../Resources";
                            LIBRARY_SEARCH_PATHS = "";
                            LIBRARY_STYLE = DYNAMIC;
                            ONLY_ACTIVE_ARCH = NO;
                            OTHER_CFLAGS = "-m32     -DNDEBUG -fPIC  ";
                            OTHER_CPLUSPLUSFLAGS = "-m32     -DNDEBUG -fPIC  ";
                            OTHER_LDFLAGS = "  -dynamiclib -Wl,-headerpad_max_install_names -lcrypto -framework Foundation";
                            OTHER_REZFLAGS = "";
                            PRODUCT_NAME = exception_handler;
                            SECTORDER_FLAGS = "";
                            SYMROOT = "/Users/graham/LL/3p-google-breakpad/src/client/mac/handler";
                            USE_HEADERMAP = NO;
                            WARNING_CFLAGS = ("-Wmost", "-Wno-four-char-constants", "-Wno-unknown-pragmas", );
                     };
                     name = MinSizeRel;
              };
              BEE6AF5B87E845D59D4495DE /* RelWithDebInfo */ = {
                     isa = XCBuildConfiguration;
                     buildSettings = {
                            ARCHS = i386;
                            DYLIB_COMPATIBILITY_VERSION = "";
                            DYLIB_CURRENT_VERSION = "";
                            EXECUTABLE_PREFIX = lib;
                            EXECUTABLE_SUFFIX = ".dylib";
                            GCC_GENERATE_DEBUGGING_SYMBOLS = YES;
                            GCC_INLINES_ARE_PRIVATE_EXTERN = NO;
                            GCC_OPTIMIZATION_LEVEL = 2;
                            GCC_PREPROCESSOR_DEFINITIONS = ("'CMAKE_INTDIR=\"$(CONFIGURATION)$(EFFECTIVE_PLATFORM_NAME)\"'", exception_handler_EXPORTS, );
                            GCC_SYMBOLS_PRIVATE_EXTERN = NO;
                            HEADER_SEARCH_PATHS = ("/Users/graham/LL/3p-google-breakpad/src/common", "/Users/graham/LL/3p-google-breakpad/src/common/mac", "/Users/graham/LL/3p-google-breakpad/src/client", "/Users/graham/LL/3p-google-breakpad/src/client/mac/handler", "/Users/graham/LL/3p-google-breakpad/src", );
                            INSTALL_PATH = "@executable_path/../Resources";
                            LIBRARY_SEARCH_PATHS = "";
                            LIBRARY_STYLE = DYNAMIC;
                            ONLY_ACTIVE_ARCH = NO;
                            OTHER_CFLAGS = "-m32        -DNDEBUG -fPIC  ";
                            OTHER_CPLUSPLUSFLAGS = "-m32        -DNDEBUG -fPIC  ";
                            OTHER_LDFLAGS = "  -dynamiclib -Wl,-headerpad_max_install_names -lcrypto -framework Foundation";
                            OTHER_REZFLAGS = "";
                            PRODUCT_NAME = exception_handler;
                            SECTORDER_FLAGS = "";
                            SYMROOT = "/Users/graham/LL/3p-google-breakpad/src/client/mac/handler";
                            USE_HEADERMAP = NO;
                            WARNING_CFLAGS = ("-Wmost", "-Wno-four-char-constants", "-Wno-unknown-pragmas", );
                     };
                     name = RelWithDebInfo;
              };
/* End XCBuildConfiguration section */

/* Begin XCConfigurationList section */
              ACF5C91105C04EB1A6195C34 /* Build configuration list for PBXProject  "google_breakpad" */ = {
                     isa = XCConfigurationList;
                     buildConfigurations = (
                            F70077BDEFB440DA84792D4A /* Debug */,
                            0B71BAADCEF84FE59B56CC13 /* Release */,
                            C25241BD607D4F5FB1486418 /* MinSizeRel */,
                            4C2E0C2C90BB437CADAEEC3A /* RelWithDebInfo */,
                     );
                     defaultConfigurationIsVisible = 0;
                     defaultConfigurationName = Debug;
              };
              DA8EF86BAB83493BB1DECB72 /* Build configuration list for PBXAggregateTarget "ALL_BUILD" */ = {
                     isa = XCConfigurationList;
                     buildConfigurations = (
                            CEF3AE25A46D46CCB479FE5E /* Debug */,
                            3426F82BAE614A3CB6D95A6E /* Release */,
                            88F212689F744E65BB953AFF /* MinSizeRel */,
                            EE3AFB125C3A42C58D167215 /* RelWithDebInfo */,
                     );
                     defaultConfigurationIsVisible = 0;
                     defaultConfigurationName = Debug;
              };
              85E6445479174FFBAE9126D7 /* Build configuration list for PBXAggregateTarget "ZERO_CHECK" */ = {
                     isa = XCConfigurationList;
                     buildConfigurations = (
                            8E955B0ABE114105B322963C /* Debug */,
                            23B3C16A47E74F9D8D88E093 /* Release */,
                            3B96F32F4C2F4A6B87986CB2 /* MinSizeRel */,
                            FA825AF67C6C44BF9E328ED4 /* RelWithDebInfo */,
                     );
                     defaultConfigurationIsVisible = 0;
                     defaultConfigurationName = Debug;
              };
              F8AF8B84C22E45CBA1483CC3 /* Build configuration list for PBXNativeTarget "exception_handler" */ = {
                     isa = XCConfigurationList;
                     buildConfigurations = (
                            90036A567153487BB61A9B1F /* Debug */,
                            F4FF8B4613C54853A2FEF4B1 /* Release */,
                            6CE06224697B469BBE6D5D39 /* MinSizeRel */,
                            BEE6AF5B87E845D59D4495DE /* RelWithDebInfo */,
                     );
                     defaultConfigurationIsVisible = 0;
                     defaultConfigurationName = Debug;
              };
/* End XCConfigurationList section */
       };
       rootObject = 40DCA6E7B00545E8A38A4D0E;
}
