// !$*UTF8*$!
{
       archiveVersion = 1;
       classes = {
       };
       objectVersion = 46;
       objects = {

/* Begin PBXAggregateTarget section */
              78443EEB22284D0488949A78 /* ALL_BUILD */ = {
                     isa = PBXAggregateTarget;
                     buildConfigurationList = B04A7CFF05BF4D0688D23680 /* Build configuration list for PBXAggregateTarget "ALL_BUILD" */;
                     buildPhases = (
                            B3C34F964AB94E9D90DC84D1 /* CMake Rules */,
                     );
                     dependencies = (
                            0AB99ED4A8054F6B89F2FE81 /* PBXTargetDependency */,
                            15A5E199433547128C15427C /* PBXTargetDependency */,
                     );
                     name = ALL_BUILD;
                     productName = ALL_BUILD;
              };
              709FD65CD048495EA9057B4A /* ZERO_CHECK */ = {
                     isa = PBXAggregateTarget;
                     buildConfigurationList = 62F109D0E10E408F834BA4DD /* Build configuration list for PBXAggregateTarget "ZERO_CHECK" */;
                     buildPhases = (
                            DFF8F555D4244E3484DA3E9E /* CMake Rules */,
                     );
                     dependencies = (
                     );
                     name = ZERO_CHECK;
                     productName = ZERO_CHECK;
              };
/* End PBXAggregateTarget section */

/* Begin PBXBuildFile section */
47268C95EBE340ED8E29788B /* /Users/g/LL/3p-google-breakpad/src/client/mac/handler/breakpad_nlist_64.cc */ = {isa = PBXBuildFile; fileRef = ADE285DC69E8495F966DEC1F /* /Users/g/LL/3p-google-breakpad/src/client/mac/handler/breakpad_nlist_64.cc */; settings = { COMPILER_FLAGS = ""; }; };
D1BB2DC07D664E60B7E1BAFB /* /Users/g/LL/3p-google-breakpad/src/client/mac/handler/dynamic_images.cc */ = {isa = PBXBuildFile; fileRef = 49856F0FC7AA4885B7D883D5 /* /Users/g/LL/3p-google-breakpad/src/client/mac/handler/dynamic_images.cc */; settings = { COMPILER_FLAGS = ""; }; };
8790ACACD5554690AD232544 /* /Users/g/LL/3p-google-breakpad/src/client/mac/handler/exception_handler.cc */ = {isa = PBXBuildFile; fileRef = 73616A7B6A4543C398D6280D /* /Users/g/LL/3p-google-breakpad/src/client/mac/handler/exception_handler.cc */; settings = { COMPILER_FLAGS = ""; }; };
FCBEAE9D68E543F8833FF7AC /* /Users/g/LL/3p-google-breakpad/src/client/mac/handler/minidump_generator.cc */ = {isa = PBXBuildFile; fileRef = CCB6C39C304F4FA8B14D2666 /* /Users/g/LL/3p-google-breakpad/src/client/mac/handler/minidump_generator.cc */; settings = { COMPILER_FLAGS = ""; }; };
1F46C5E554014FC7AEB699C0 /* /Users/g/LL/3p-google-breakpad/src/client/mac/crash_generation/crash_generation_client.cc */ = {isa = PBXBuildFile; fileRef = 74CC4D56CEA840609B40A35A /* /Users/g/LL/3p-google-breakpad/src/client/mac/crash_generation/crash_generation_client.cc */; settings = { COMPILER_FLAGS = ""; }; };
CECFB3355E024653BD81271B /* /Users/g/LL/3p-google-breakpad/src/client/minidump_file_writer.cc */ = {isa = PBXBuildFile; fileRef = CB9B5862EE5A4C3E84929942 /* /Users/g/LL/3p-google-breakpad/src/client/minidump_file_writer.cc */; settings = { COMPILER_FLAGS = ""; }; };
9570A34839A34DDCA27ECA31 /* /Users/g/LL/3p-google-breakpad/src/common/convert_UTF.c */ = {isa = PBXBuildFile; fileRef = B9259D483C1A4BD4B16942C9 /* /Users/g/LL/3p-google-breakpad/src/common/convert_UTF.c */; settings = { COMPILER_FLAGS = ""; }; };
7DA2644E53424606916042EA /* /Users/g/LL/3p-google-breakpad/src/common/string_conversion.cc */ = {isa = PBXBuildFile; fileRef = 998EFC3C40C844DBA5A98EB6 /* /Users/g/LL/3p-google-breakpad/src/common/string_conversion.cc */; settings = { COMPILER_FLAGS = ""; }; };
14F6699CE33347E09EEE02AB /* /Users/g/LL/3p-google-breakpad/src/common/md5.cc */ = {isa = PBXBuildFile; fileRef = 975890988AF14B9CA7F05637 /* /Users/g/LL/3p-google-breakpad/src/common/md5.cc */; settings = { COMPILER_FLAGS = ""; }; };
F82CE8DB26394337AE8FB353 /* /Users/g/LL/3p-google-breakpad/src/common/mac/file_id.cc */ = {isa = PBXBuildFile; fileRef = B0F34A79F46E4D8C9BEBE29C /* /Users/g/LL/3p-google-breakpad/src/common/mac/file_id.cc */; settings = { COMPILER_FLAGS = ""; }; };
8FDF5EFBEB67428997C4CBC0 /* /Users/g/LL/3p-google-breakpad/src/common/mac/macho_id.cc */ = {isa = PBXBuildFile; fileRef = DD49F8567C7946A0A234D6C4 /* /Users/g/LL/3p-google-breakpad/src/common/mac/macho_id.cc */; settings = { COMPILER_FLAGS = ""; }; };
C9FC5DF22D8E4FAA9C2864D7 /* /Users/g/LL/3p-google-breakpad/src/common/mac/macho_utilities.cc */ = {isa = PBXBuildFile; fileRef = 6593AFE1F5DA41BFA75F92EA /* /Users/g/LL/3p-google-breakpad/src/common/mac/macho_utilities.cc */; settings = { COMPILER_FLAGS = ""; }; };
E082A1F7A98C4C10B662FE8C /* /Users/g/LL/3p-google-breakpad/src/common/mac/macho_walker.cc */ = {isa = PBXBuildFile; fileRef = F3051801E9B34E3BB79D8656 /* /Users/g/LL/3p-google-breakpad/src/common/mac/macho_walker.cc */; settings = { COMPILER_FLAGS = ""; }; };
ABDC7D88205144CC979EF027 /* /Users/g/LL/3p-google-breakpad/src/common/mac/string_utilities.cc */ = {isa = PBXBuildFile; fileRef = F72ADE88911A41BB976CE064 /* /Users/g/LL/3p-google-breakpad/src/common/mac/string_utilities.cc */; settings = { COMPILER_FLAGS = ""; }; };
4E51ADA9E0CB41309EA840E1 /* /Users/g/LL/3p-google-breakpad/src/common/mac/MachIPC.mm */ = {isa = PBXBuildFile; fileRef = 035055EDFC04401CBE63BA7A /* /Users/g/LL/3p-google-breakpad/src/common/mac/MachIPC.mm */; settings = { COMPILER_FLAGS = ""; }; };
1CD40879624F4D5D98FBB94C /* /Users/g/LL/3p-google-breakpad/src/common/mac/bootstrap_compat.cc */ = {isa = PBXBuildFile; fileRef = D46C85ED34C44CBB9DA4FC67 /* /Users/g/LL/3p-google-breakpad/src/common/mac/bootstrap_compat.cc */; settings = { COMPILER_FLAGS = ""; }; };
AEB4005CA4E0485F8A8656CB /* /Users/g/LL/3p-google-breakpad/src/client/mac/handler/exception_handler.h */ = {isa = PBXBuildFile; fileRef = 0AE93F929F344297A5FC9EE8 /* /Users/g/LL/3p-google-breakpad/src/client/mac/handler/exception_handler.h */; settings = { COMPILER_FLAGS = ""; }; };
B3DD2A3E09474118B5098393 /* /Users/g/LL/3p-google-breakpad/src/client/mac/handler/CMakeLists.txt */ = {isa = PBXBuildFile; fileRef = DFC6B701A74C416DAE18B94F /* /Users/g/LL/3p-google-breakpad/src/client/mac/handler/CMakeLists.txt */; settings = { COMPILER_FLAGS = ""; }; };
/* End PBXBuildFile section */

/* Begin PBXBuildStyle section */
              667A9981A7F24AE29B7203FE /*  */ = {
                     isa = PBXBuildStyle;
              };
              F0A7A8EADBD94625A021761D /* Debug */ = {
                     isa = PBXBuildStyle;
                     buildSettings = {
                            COPY_PHASE_STRIP = NO;
                     };
                     name = Debug;
              };
              226D0174009046778BA30573 /* Release */ = {
                     isa = PBXBuildStyle;
                     buildSettings = {
                            COPY_PHASE_STRIP = NO;
                     };
                     name = Release;
              };
              1B58012F0BBD46A19B6EB786 /* MinSizeRel */ = {
                     isa = PBXBuildStyle;
                     buildSettings = {
                            COPY_PHASE_STRIP = NO;
                     };
                     name = MinSizeRel;
              };
              96958B03223441D6829CBE9E /* RelWithDebInfo */ = {
                     isa = PBXBuildStyle;
                     buildSettings = {
                            COPY_PHASE_STRIP = NO;
                     };
                     name = RelWithDebInfo;
              };
/* End PBXBuildStyle section */

/* Begin PBXContainerItemProxy section */
              9C4274B4C43F4FEA9BF5843A /* PBXContainerItemProxy */ = {
                     isa = PBXContainerItemProxy;
                     containerPortal = 97A539281BCE456985830812 /* Project object */;
                     proxyType = 1;
                     remoteGlobalIDString = 709FD65CD048495EA9057B4A;
                     remoteInfo = ZERO_CHECK;
              };
              BFD2EC41BE2B4467B32B44A9 /* PBXContainerItemProxy */ = {
                     isa = PBXContainerItemProxy;
                     containerPortal = 97A539281BCE456985830812 /* Project object */;
                     proxyType = 1;
                     remoteGlobalIDString = F24074AD40D04692890D107E;
                     remoteInfo = exception_handler;
              };
/* End PBXContainerItemProxy section */

/* Begin PBXFileReference section */
F2484E958A1E4B54B87FC120 /* /Users/g/LL/3p-google-breakpad/src/CMakeLists.txt */ = {isa = PBXFileReference; fileEncoding = 4; lastKnownFileType = "sourcecode.text"; name = "CMakeLists.txt"; path = "CMakeLists.txt"; sourceTree = SOURCE_ROOT; };
ADE285DC69E8495F966DEC1F /* /Users/g/LL/3p-google-breakpad/src/client/mac/handler/breakpad_nlist_64.cc */ = {isa = PBXFileReference; fileEncoding = 4; lastKnownFileType = "sourcecode.cpp.cpp"; name = "breakpad_nlist_64.cc"; path = "client/mac/handler/breakpad_nlist_64.cc"; sourceTree = SOURCE_ROOT; };
49856F0FC7AA4885B7D883D5 /* /Users/g/LL/3p-google-breakpad/src/client/mac/handler/dynamic_images.cc */ = {isa = PBXFileReference; fileEncoding = 4; lastKnownFileType = "sourcecode.cpp.cpp"; name = "dynamic_images.cc"; path = "client/mac/handler/dynamic_images.cc"; sourceTree = SOURCE_ROOT; };
73616A7B6A4543C398D6280D /* /Users/g/LL/3p-google-breakpad/src/client/mac/handler/exception_handler.cc */ = {isa = PBXFileReference; fileEncoding = 4; lastKnownFileType = "sourcecode.cpp.cpp"; name = "exception_handler.cc"; path = "client/mac/handler/exception_handler.cc"; sourceTree = SOURCE_ROOT; };
CCB6C39C304F4FA8B14D2666 /* /Users/g/LL/3p-google-breakpad/src/client/mac/handler/minidump_generator.cc */ = {isa = PBXFileReference; fileEncoding = 4; lastKnownFileType = "sourcecode.cpp.cpp"; name = "minidump_generator.cc"; path = "client/mac/handler/minidump_generator.cc"; sourceTree = SOURCE_ROOT; };
74CC4D56CEA840609B40A35A /* /Users/g/LL/3p-google-breakpad/src/client/mac/crash_generation/crash_generation_client.cc */ = {isa = PBXFileReference; fileEncoding = 4; lastKnownFileType = "sourcecode.cpp.cpp"; name = "crash_generation_client.cc"; path = "client/mac/crash_generation/crash_generation_client.cc"; sourceTree = SOURCE_ROOT; };
CB9B5862EE5A4C3E84929942 /* /Users/g/LL/3p-google-breakpad/src/client/minidump_file_writer.cc */ = {isa = PBXFileReference; fileEncoding = 4; lastKnownFileType = "sourcecode.cpp.cpp"; name = "minidump_file_writer.cc"; path = "client/minidump_file_writer.cc"; sourceTree = SOURCE_ROOT; };
B9259D483C1A4BD4B16942C9 /* /Users/g/LL/3p-google-breakpad/src/common/convert_UTF.c */ = {isa = PBXFileReference; fileEncoding = 4; lastKnownFileType = "sourcecode.c.c"; name = "convert_UTF.c"; path = "common/convert_UTF.c"; sourceTree = SOURCE_ROOT; };
998EFC3C40C844DBA5A98EB6 /* /Users/g/LL/3p-google-breakpad/src/common/string_conversion.cc */ = {isa = PBXFileReference; fileEncoding = 4; lastKnownFileType = "sourcecode.cpp.cpp"; name = "string_conversion.cc"; path = "common/string_conversion.cc"; sourceTree = SOURCE_ROOT; };
975890988AF14B9CA7F05637 /* /Users/g/LL/3p-google-breakpad/src/common/md5.cc */ = {isa = PBXFileReference; fileEncoding = 4; lastKnownFileType = "sourcecode.cpp.cpp"; name = "md5.cc"; path = "common/md5.cc"; sourceTree = SOURCE_ROOT; };
B0F34A79F46E4D8C9BEBE29C /* /Users/g/LL/3p-google-breakpad/src/common/mac/file_id.cc */ = {isa = PBXFileReference; fileEncoding = 4; lastKnownFileType = "sourcecode.cpp.cpp"; name = "file_id.cc"; path = "common/mac/file_id.cc"; sourceTree = SOURCE_ROOT; };
DD49F8567C7946A0A234D6C4 /* /Users/g/LL/3p-google-breakpad/src/common/mac/macho_id.cc */ = {isa = PBXFileReference; fileEncoding = 4; lastKnownFileType = "sourcecode.cpp.cpp"; name = "macho_id.cc"; path = "common/mac/macho_id.cc"; sourceTree = SOURCE_ROOT; };
6593AFE1F5DA41BFA75F92EA /* /Users/g/LL/3p-google-breakpad/src/common/mac/macho_utilities.cc */ = {isa = PBXFileReference; fileEncoding = 4; lastKnownFileType = "sourcecode.cpp.cpp"; name = "macho_utilities.cc"; path = "common/mac/macho_utilities.cc"; sourceTree = SOURCE_ROOT; };
F3051801E9B34E3BB79D8656 /* /Users/g/LL/3p-google-breakpad/src/common/mac/macho_walker.cc */ = {isa = PBXFileReference; fileEncoding = 4; lastKnownFileType = "sourcecode.cpp.cpp"; name = "macho_walker.cc"; path = "common/mac/macho_walker.cc"; sourceTree = SOURCE_ROOT; };
F72ADE88911A41BB976CE064 /* /Users/g/LL/3p-google-breakpad/src/common/mac/string_utilities.cc */ = {isa = PBXFileReference; fileEncoding = 4; lastKnownFileType = "sourcecode.cpp.cpp"; name = "string_utilities.cc"; path = "common/mac/string_utilities.cc"; sourceTree = SOURCE_ROOT; };
035055EDFC04401CBE63BA7A /* /Users/g/LL/3p-google-breakpad/src/common/mac/MachIPC.mm */ = {isa = PBXFileReference; fileEncoding = 4; lastKnownFileType = "sourcecode.cpp.objcpp"; name = "MachIPC.mm"; path = "common/mac/MachIPC.mm"; sourceTree = SOURCE_ROOT; };
D46C85ED34C44CBB9DA4FC67 /* /Users/g/LL/3p-google-breakpad/src/common/mac/bootstrap_compat.cc */ = {isa = PBXFileReference; fileEncoding = 4; lastKnownFileType = "sourcecode.cpp.cpp"; name = "bootstrap_compat.cc"; path = "common/mac/bootstrap_compat.cc"; sourceTree = SOURCE_ROOT; };
0AE93F929F344297A5FC9EE8 /* /Users/g/LL/3p-google-breakpad/src/client/mac/handler/exception_handler.h */ = {isa = PBXFileReference; fileEncoding = 4; lastKnownFileType = "sourcecode.c.h"; name = "exception_handler.h"; path = "client/mac/handler/exception_handler.h"; sourceTree = SOURCE_ROOT; };
DFC6B701A74C416DAE18B94F /* /Users/g/LL/3p-google-breakpad/src/client/mac/handler/CMakeLists.txt */ = {isa = PBXFileReference; fileEncoding = 4; lastKnownFileType = "sourcecode.text"; name = "CMakeLists.txt"; path = "client/mac/handler/CMakeLists.txt"; sourceTree = SOURCE_ROOT; };
7691DF2406E445508B7C4268 /* exception_handler */ = {isa = PBXFileReference; explicitFileType = "compiled.mach-o.dylib"; path = "libexception_handler.dylib"; refType = 0; sourceTree = BUILT_PRODUCTS_DIR; };
/* End PBXFileReference section */

/* Begin PBXGroup section */
              060D6E67F6114247B8F08A3D  = {
                     isa = PBXGroup;
                     children = (
                            213DB631D0524876A94F7768 /* Sources */,
                            C1F472ABB6424961BC906A8A /* Resources */,
                            3007797A820F44078DEC9D0A /* Products */,
                     );
                     sourceTree = "<group>";
              };
              213DB631D0524876A94F7768 /* Sources */ = {
                     isa = PBXGroup;
                     children = (
                            885A6024A3B44C95906EE829 /* ALL_BUILD */,
                            19F1BE6E195046C8A4C5BA6C /* ZERO_CHECK */,
                            726E85074BE3446B98CC4837 /* exception_handler */,
                     );
                     name = Sources;
                     sourceTree = "<group>";
              };
              C1F472ABB6424961BC906A8A /* Resources */ = {
                     isa = PBXGroup;
                     children = (
                     );
                     name = Resources;
                     sourceTree = "<group>";
              };
              885A6024A3B44C95906EE829 /* ALL_BUILD */ = {
                     isa = PBXGroup;
                     children = (
                            2F52A15C55B740CB880F766B /* CMake Rules */,
                            F2484E958A1E4B54B87FC120 /* /Users/g/LL/3p-google-breakpad/src/CMakeLists.txt */,
                     );
                     name = ALL_BUILD;
                     sourceTree = "<group>";
              };
              2F52A15C55B740CB880F766B /* CMake Rules */ = {
                     isa = PBXGroup;
                     children = (
                     );
                     name = "CMake Rules";
                     sourceTree = "<group>";
              };
              19F1BE6E195046C8A4C5BA6C /* ZERO_CHECK */ = {
                     isa = PBXGroup;
                     children = (
                            26D5A045ABA6419CB45F6AF7 /* CMake Rules */,
                            F2484E958A1E4B54B87FC120 /* /Users/g/LL/3p-google-breakpad/src/CMakeLists.txt */,
                     );
                     name = ZERO_CHECK;
                     sourceTree = "<group>";
              };
              26D5A045ABA6419CB45F6AF7 /* CMake Rules */ = {
                     isa = PBXGroup;
                     children = (
                     );
                     name = "CMake Rules";
                     sourceTree = "<group>";
              };
              726E85074BE3446B98CC4837 /* exception_handler */ = {
                     isa = PBXGroup;
                     children = (
                            9BA2499F16CC4097B81926FB /* Source Files */,
                            F0E608A8760748A6B0486FA0 /* Header Files */,
                            DFC6B701A74C416DAE18B94F /* /Users/g/LL/3p-google-breakpad/src/client/mac/handler/CMakeLists.txt */,
                     );
                     name = exception_handler;
                     sourceTree = "<group>";
              };
              9BA2499F16CC4097B81926FB /* Source Files */ = {
                     isa = PBXGroup;
                     children = (
                            ADE285DC69E8495F966DEC1F /* /Users/g/LL/3p-google-breakpad/src/client/mac/handler/breakpad_nlist_64.cc */,
                            49856F0FC7AA4885B7D883D5 /* /Users/g/LL/3p-google-breakpad/src/client/mac/handler/dynamic_images.cc */,
                            73616A7B6A4543C398D6280D /* /Users/g/LL/3p-google-breakpad/src/client/mac/handler/exception_handler.cc */,
                            CCB6C39C304F4FA8B14D2666 /* /Users/g/LL/3p-google-breakpad/src/client/mac/handler/minidump_generator.cc */,
                            74CC4D56CEA840609B40A35A /* /Users/g/LL/3p-google-breakpad/src/client/mac/crash_generation/crash_generation_client.cc */,
                            CB9B5862EE5A4C3E84929942 /* /Users/g/LL/3p-google-breakpad/src/client/minidump_file_writer.cc */,
                            B9259D483C1A4BD4B16942C9 /* /Users/g/LL/3p-google-breakpad/src/common/convert_UTF.c */,
                            998EFC3C40C844DBA5A98EB6 /* /Users/g/LL/3p-google-breakpad/src/common/string_conversion.cc */,
                            975890988AF14B9CA7F05637 /* /Users/g/LL/3p-google-breakpad/src/common/md5.cc */,
                            B0F34A79F46E4D8C9BEBE29C /* /Users/g/LL/3p-google-breakpad/src/common/mac/file_id.cc */,
                            DD49F8567C7946A0A234D6C4 /* /Users/g/LL/3p-google-breakpad/src/common/mac/macho_id.cc */,
                            6593AFE1F5DA41BFA75F92EA /* /Users/g/LL/3p-google-breakpad/src/common/mac/macho_utilities.cc */,
                            F3051801E9B34E3BB79D8656 /* /Users/g/LL/3p-google-breakpad/src/common/mac/macho_walker.cc */,
                            F72ADE88911A41BB976CE064 /* /Users/g/LL/3p-google-breakpad/src/common/mac/string_utilities.cc */,
                            035055EDFC04401CBE63BA7A /* /Users/g/LL/3p-google-breakpad/src/common/mac/MachIPC.mm */,
                            D46C85ED34C44CBB9DA4FC67 /* /Users/g/LL/3p-google-breakpad/src/common/mac/bootstrap_compat.cc */,
                     );
                     name = "Source Files";
                     sourceTree = "<group>";
              };
              F0E608A8760748A6B0486FA0 /* Header Files */ = {
                     isa = PBXGroup;
                     children = (
                            0AE93F929F344297A5FC9EE8 /* /Users/g/LL/3p-google-breakpad/src/client/mac/handler/exception_handler.h */,
                     );
                     name = "Header Files";
                     sourceTree = "<group>";
              };
              3007797A820F44078DEC9D0A /* Products */ = {
                     isa = PBXGroup;
                     children = (
                            7691DF2406E445508B7C4268 /* exception_handler */,
                     );
                     name = Products;
                     sourceTree = "<group>";
              };
/* End PBXGroup section */

/* Begin PBXNativeTarget section */
              F24074AD40D04692890D107E /* exception_handler */ = {
                     isa = PBXNativeTarget;
                     buildConfigurationList = 388B9AA6BC984DFD8AD5634A /* Build configuration list for PBXNativeTarget "exception_handler" */;
                     buildPhases = (
                            F0793E5F192648B284DA97B2 /* Sources */,
                            4F62A3D0A950423099E9C7ED /* CMake PostBuild Rules */,
                     );
                     buildRules = (
                     );
                     dependencies = (
                            0AB99ED4A8054F6B89F2FE81 /* PBXTargetDependency */,
                     );
                     name = exception_handler;
                     productName = exception_handler;
                     productReference = 7691DF2406E445508B7C4268 /* exception_handler */;
                     productType = "com.apple.product-type.library.dynamic";
              };
/* End PBXNativeTarget section */

/* Begin PBXProject section */
              97A539281BCE456985830812 /* Project object */ = {
                     isa = PBXProject;
                     attributes = {
                            BuildIndependentTargetsInParallel = YES;
                     };
                     buildConfigurationList = 351E1E2B60E4433D816C545C /* Build configuration list for PBXProject  "google_breakpad" */;
                     buildSettings = {
                     };
                     buildStyles = (
                            F0A7A8EADBD94625A021761D /* Debug */,
                            226D0174009046778BA30573 /* Release */,
                            1B58012F0BBD46A19B6EB786 /* MinSizeRel */,
                            96958B03223441D6829CBE9E /* RelWithDebInfo */,
                     );
                     compatibilityVersion = "Xcode 3.2";
                     hasScannedForEncodings = 0;
                     mainGroup = 060D6E67F6114247B8F08A3D;
                     projectDirPath = ".";
                     projectRoot = "";
                     targets = (
                            78443EEB22284D0488949A78 /* ALL_BUILD */,
                            709FD65CD048495EA9057B4A /* ZERO_CHECK */,
                            F24074AD40D04692890D107E /* exception_handler */,
                     );
              };
/* End PBXProject section */

/* Begin PBXShellScriptBuildPhase section */
              396029A9A60D431E80658A6B /*  */ = {
                     isa = PBXShellScriptBuildPhase;
                     buildActionMask = 2147483647;
                     files = (
                     );
                     inputPaths = (
                     );
                     outputPaths = (
                     );
                     runOnlyForDeploymentPostprocessing = 0;
                     shellPath = /bin/sh;
                     shellScript = "# shell script goes here
exit 0";
                     showEnvVarsInLog = 0;
              };
              B3C34F964AB94E9D90DC84D1 /* CMake Rules */ = {
                     isa = PBXShellScriptBuildPhase;
                     buildActionMask = 2147483647;
                     files = (
                     );
                     name = "CMake Rules";
                     runOnlyForDeploymentPostprocessing = 0;
                     shellPath = /bin/sh;
                     shellScript = "make -C /Users/g/LL/3p-google-breakpad/src -f /Users/g/LL/3p-google-breakpad/src/CMakeScripts/ALL_BUILD_cmakeRulesBuildPhase.make$CONFIGURATION all";
                     showEnvVarsInLog = 0;
              };
              2C1DF7B83BC9404AA33F1324 /*  */ = {
                     isa = PBXShellScriptBuildPhase;
                     buildActionMask = 2147483647;
                     files = (
                     );
                     inputPaths = (
                     );
                     outputPaths = (
                     );
                     runOnlyForDeploymentPostprocessing = 0;
                     shellPath = /bin/sh;
                     shellScript = "# shell script goes here
exit 0";
                     showEnvVarsInLog = 0;
              };
              DFF8F555D4244E3484DA3E9E /* CMake Rules */ = {
                     isa = PBXShellScriptBuildPhase;
                     buildActionMask = 2147483647;
                     files = (
                     );
                     name = "CMake Rules";
                     runOnlyForDeploymentPostprocessing = 0;
                     shellPath = /bin/sh;
                     shellScript = "make -C /Users/g/LL/3p-google-breakpad/src -f /Users/g/LL/3p-google-breakpad/src/CMakeScripts/ZERO_CHECK_cmakeRulesBuildPhase.make$CONFIGURATION all";
                     showEnvVarsInLog = 0;
              };
              4F62A3D0A950423099E9C7ED /* CMake PostBuild Rules */ = {
                     isa = PBXShellScriptBuildPhase;
                     buildActionMask = 2147483647;
                     files = (
                     );
                     name = "CMake PostBuild Rules";
                     runOnlyForDeploymentPostprocessing = 0;
                     shellPath = /bin/sh;
                     shellScript = "make -C /Users/g/LL/3p-google-breakpad/src/client/mac/handler -f /Users/g/LL/3p-google-breakpad/src/client/mac/handler/CMakeScripts/exception_handler_postBuildPhase.make$CONFIGURATION all";
                     showEnvVarsInLog = 0;
              };
/* End PBXShellScriptBuildPhase section */

/* Begin PBXSourcesBuildPhase section */
              F0793E5F192648B284DA97B2 /* Sources */ = {
                     isa = PBXSourcesBuildPhase;
                     buildActionMask = 2147483647;
                     files = (
                            47268C95EBE340ED8E29788B /* /Users/g/LL/3p-google-breakpad/src/client/mac/handler/breakpad_nlist_64.cc */,
                            D1BB2DC07D664E60B7E1BAFB /* /Users/g/LL/3p-google-breakpad/src/client/mac/handler/dynamic_images.cc */,
                            8790ACACD5554690AD232544 /* /Users/g/LL/3p-google-breakpad/src/client/mac/handler/exception_handler.cc */,
                            FCBEAE9D68E543F8833FF7AC /* /Users/g/LL/3p-google-breakpad/src/client/mac/handler/minidump_generator.cc */,
                            1F46C5E554014FC7AEB699C0 /* /Users/g/LL/3p-google-breakpad/src/client/mac/crash_generation/crash_generation_client.cc */,
                            CECFB3355E024653BD81271B /* /Users/g/LL/3p-google-breakpad/src/client/minidump_file_writer.cc */,
                            9570A34839A34DDCA27ECA31 /* /Users/g/LL/3p-google-breakpad/src/common/convert_UTF.c */,
                            7DA2644E53424606916042EA /* /Users/g/LL/3p-google-breakpad/src/common/string_conversion.cc */,
                            14F6699CE33347E09EEE02AB /* /Users/g/LL/3p-google-breakpad/src/common/md5.cc */,
                            F82CE8DB26394337AE8FB353 /* /Users/g/LL/3p-google-breakpad/src/common/mac/file_id.cc */,
                            8FDF5EFBEB67428997C4CBC0 /* /Users/g/LL/3p-google-breakpad/src/common/mac/macho_id.cc */,
                            C9FC5DF22D8E4FAA9C2864D7 /* /Users/g/LL/3p-google-breakpad/src/common/mac/macho_utilities.cc */,
                            E082A1F7A98C4C10B662FE8C /* /Users/g/LL/3p-google-breakpad/src/common/mac/macho_walker.cc */,
                            ABDC7D88205144CC979EF027 /* /Users/g/LL/3p-google-breakpad/src/common/mac/string_utilities.cc */,
                            4E51ADA9E0CB41309EA840E1 /* /Users/g/LL/3p-google-breakpad/src/common/mac/MachIPC.mm */,
                            1CD40879624F4D5D98FBB94C /* /Users/g/LL/3p-google-breakpad/src/common/mac/bootstrap_compat.cc */,
                     );
                     runOnlyForDeploymentPostprocessing = 0;
              };
/* End PBXSourcesBuildPhase section */

/* Begin PBXTargetDependency section */
              0AB99ED4A8054F6B89F2FE81 /* PBXTargetDependency */ = {
                     isa = PBXTargetDependency;
                     target = 709FD65CD048495EA9057B4A /* ZERO_CHECK */;
                     targetProxy = 9C4274B4C43F4FEA9BF5843A /* PBXContainerItemProxy */;
              };
              15A5E199433547128C15427C /* PBXTargetDependency */ = {
                     isa = PBXTargetDependency;
                     target = F24074AD40D04692890D107E /* exception_handler */;
                     targetProxy = BFD2EC41BE2B4467B32B44A9 /* PBXContainerItemProxy */;
              };
/* End PBXTargetDependency section */

/* Begin XCBuildConfiguration section */
              DB70F2DDF2BA4A9BB8DE17C6 /* Debug */ = {
                     isa = XCBuildConfiguration;
                     buildSettings = {
                            ARCHS = i386;
                            GCC_VERSION = "com.apple.compilers.llvmgcc42";
                            MACOSX_DEPLOYMENT_TARGET = "10.6";
                            SDKROOT = "/Applications/Xcode.app/Contents/Developer/Platforms/MacOSX.platform/Developer/SDKs/MacOSX10.8.sdk";
                            SYMROOT = "/Users/g/LL/3p-google-breakpad/src/build";
                     };
                     name = Debug;
              };
              2F1BDBBF04F64FB08471855B /* Release */ = {
                     isa = XCBuildConfiguration;
                     buildSettings = {
                            ARCHS = i386;
                            GCC_VERSION = "com.apple.compilers.llvmgcc42";
                            MACOSX_DEPLOYMENT_TARGET = "10.6";
                            SDKROOT = "/Applications/Xcode.app/Contents/Developer/Platforms/MacOSX.platform/Developer/SDKs/MacOSX10.8.sdk";
                            SYMROOT = "/Users/g/LL/3p-google-breakpad/src/build";
                     };
                     name = Release;
              };
              DCE4B8694D5E48AEB2820393 /* MinSizeRel */ = {
                     isa = XCBuildConfiguration;
                     buildSettings = {
                            ARCHS = i386;
                            GCC_VERSION = "com.apple.compilers.llvmgcc42";
                            MACOSX_DEPLOYMENT_TARGET = "10.6";
                            SDKROOT = "/Applications/Xcode.app/Contents/Developer/Platforms/MacOSX.platform/Developer/SDKs/MacOSX10.8.sdk";
                            SYMROOT = "/Users/g/LL/3p-google-breakpad/src/build";
                     };
                     name = MinSizeRel;
              };
              124D4CBF93D74DF3BA039FFE /* RelWithDebInfo */ = {
                     isa = XCBuildConfiguration;
                     buildSettings = {
                            ARCHS = i386;
                            GCC_VERSION = "com.apple.compilers.llvmgcc42";
                            MACOSX_DEPLOYMENT_TARGET = "10.6";
                            SDKROOT = "/Applications/Xcode.app/Contents/Developer/Platforms/MacOSX.platform/Developer/SDKs/MacOSX10.8.sdk";
                            SYMROOT = "/Users/g/LL/3p-google-breakpad/src/build";
                     };
                     name = RelWithDebInfo;
              };
              C6B22E311BA3479AAC6DF24B /* Debug */ = {
                     isa = XCBuildConfiguration;
                     buildSettings = {
                            ARCHS = i386;
                            GCC_GENERATE_DEBUGGING_SYMBOLS = NO;
                            GCC_INLINES_ARE_PRIVATE_EXTERN = NO;
                            GCC_OPTIMIZATION_LEVEL = 0;
                            GCC_PREPROCESSOR_DEFINITIONS = ("'CMAKE_INTDIR=\"$(CONFIGURATION)$(EFFECTIVE_PLATFORM_NAME)\"'", );
                            GCC_SYMBOLS_PRIVATE_EXTERN = NO;
                            INSTALL_PATH = "";
                            ONLY_ACTIVE_ARCH = NO;
                            OTHER_CFLAGS = "  ";
                            OTHER_LDFLAGS = "";
                            OTHER_REZFLAGS = "";
                            PRODUCT_NAME = ALL_BUILD;
                            SECTORDER_FLAGS = "";
                            SYMROOT = "/Users/g/LL/3p-google-breakpad/src";
                            USE_HEADERMAP = NO;
                            WARNING_CFLAGS = ("-Wmost", "-Wno-four-char-constants", "-Wno-unknown-pragmas", );
                     };
                     name = Debug;
              };
              B4A7E5FD30684EE5B8ECF05A /* Release */ = {
                     isa = XCBuildConfiguration;
                     buildSettings = {
                            ARCHS = i386;
                            GCC_GENERATE_DEBUGGING_SYMBOLS = NO;
                            GCC_INLINES_ARE_PRIVATE_EXTERN = NO;
                            GCC_OPTIMIZATION_LEVEL = 0;
                            GCC_PREPROCESSOR_DEFINITIONS = ("'CMAKE_INTDIR=\"$(CONFIGURATION)$(EFFECTIVE_PLATFORM_NAME)\"'", );
                            GCC_SYMBOLS_PRIVATE_EXTERN = NO;
                            INSTALL_PATH = "";
                            ONLY_ACTIVE_ARCH = NO;
                            OTHER_CFLAGS = "  ";
                            OTHER_LDFLAGS = "";
                            OTHER_REZFLAGS = "";
                            PRODUCT_NAME = ALL_BUILD;
                            SECTORDER_FLAGS = "";
                            SYMROOT = "/Users/g/LL/3p-google-breakpad/src";
                            USE_HEADERMAP = NO;
                            WARNING_CFLAGS = ("-Wmost", "-Wno-four-char-constants", "-Wno-unknown-pragmas", );
                     };
                     name = Release;
              };
              881D6B69F80D443F98C67135 /* MinSizeRel */ = {
                     isa = XCBuildConfiguration;
                     buildSettings = {
                            ARCHS = i386;
                            GCC_GENERATE_DEBUGGING_SYMBOLS = NO;
                            GCC_INLINES_ARE_PRIVATE_EXTERN = NO;
                            GCC_OPTIMIZATION_LEVEL = 0;
                            GCC_PREPROCESSOR_DEFINITIONS = ("'CMAKE_INTDIR=\"$(CONFIGURATION)$(EFFECTIVE_PLATFORM_NAME)\"'", );
                            GCC_SYMBOLS_PRIVATE_EXTERN = NO;
                            INSTALL_PATH = "";
                            ONLY_ACTIVE_ARCH = NO;
                            OTHER_CFLAGS = "  ";
                            OTHER_LDFLAGS = "";
                            OTHER_REZFLAGS = "";
                            PRODUCT_NAME = ALL_BUILD;
                            SECTORDER_FLAGS = "";
                            SYMROOT = "/Users/g/LL/3p-google-breakpad/src";
                            USE_HEADERMAP = NO;
                            WARNING_CFLAGS = ("-Wmost", "-Wno-four-char-constants", "-Wno-unknown-pragmas", );
                     };
                     name = MinSizeRel;
              };
              B5DAE5DA10ED41FEB61CDBC3 /* RelWithDebInfo */ = {
                     isa = XCBuildConfiguration;
                     buildSettings = {
                            ARCHS = i386;
                            GCC_GENERATE_DEBUGGING_SYMBOLS = NO;
                            GCC_INLINES_ARE_PRIVATE_EXTERN = NO;
                            GCC_OPTIMIZATION_LEVEL = 0;
                            GCC_PREPROCESSOR_DEFINITIONS = ("'CMAKE_INTDIR=\"$(CONFIGURATION)$(EFFECTIVE_PLATFORM_NAME)\"'", );
                            GCC_SYMBOLS_PRIVATE_EXTERN = NO;
                            INSTALL_PATH = "";
                            ONLY_ACTIVE_ARCH = NO;
                            OTHER_CFLAGS = "  ";
                            OTHER_LDFLAGS = "";
                            OTHER_REZFLAGS = "";
                            PRODUCT_NAME = ALL_BUILD;
                            SECTORDER_FLAGS = "";
                            SYMROOT = "/Users/g/LL/3p-google-breakpad/src";
                            USE_HEADERMAP = NO;
                            WARNING_CFLAGS = ("-Wmost", "-Wno-four-char-constants", "-Wno-unknown-pragmas", );
                     };
                     name = RelWithDebInfo;
              };
              BC4E1BEF21864B79A62C280F /* Debug */ = {
                     isa = XCBuildConfiguration;
                     buildSettings = {
                            ARCHS = i386;
                            GCC_GENERATE_DEBUGGING_SYMBOLS = NO;
                            GCC_INLINES_ARE_PRIVATE_EXTERN = NO;
                            GCC_OPTIMIZATION_LEVEL = 0;
                            GCC_PREPROCESSOR_DEFINITIONS = ("'CMAKE_INTDIR=\"$(CONFIGURATION)$(EFFECTIVE_PLATFORM_NAME)\"'", );
                            GCC_SYMBOLS_PRIVATE_EXTERN = NO;
                            INSTALL_PATH = "";
                            ONLY_ACTIVE_ARCH = NO;
                            OTHER_CFLAGS = "  ";
                            OTHER_LDFLAGS = "";
                            OTHER_REZFLAGS = "";
                            PRODUCT_NAME = ZERO_CHECK;
                            SECTORDER_FLAGS = "";
                            SYMROOT = "/Users/g/LL/3p-google-breakpad/src";
                            USE_HEADERMAP = NO;
                            WARNING_CFLAGS = ("-Wmost", "-Wno-four-char-constants", "-Wno-unknown-pragmas", );
                     };
                     name = Debug;
              };
              26DBCD6C5DB44DDEBF55FB85 /* Release */ = {
                     isa = XCBuildConfiguration;
                     buildSettings = {
                            ARCHS = i386;
                            GCC_GENERATE_DEBUGGING_SYMBOLS = NO;
                            GCC_INLINES_ARE_PRIVATE_EXTERN = NO;
                            GCC_OPTIMIZATION_LEVEL = 0;
                            GCC_PREPROCESSOR_DEFINITIONS = ("'CMAKE_INTDIR=\"$(CONFIGURATION)$(EFFECTIVE_PLATFORM_NAME)\"'", );
                            GCC_SYMBOLS_PRIVATE_EXTERN = NO;
                            INSTALL_PATH = "";
                            ONLY_ACTIVE_ARCH = NO;
                            OTHER_CFLAGS = "  ";
                            OTHER_LDFLAGS = "";
                            OTHER_REZFLAGS = "";
                            PRODUCT_NAME = ZERO_CHECK;
                            SECTORDER_FLAGS = "";
                            SYMROOT = "/Users/g/LL/3p-google-breakpad/src";
                            USE_HEADERMAP = NO;
                            WARNING_CFLAGS = ("-Wmost", "-Wno-four-char-constants", "-Wno-unknown-pragmas", );
                     };
                     name = Release;
              };
              59439A2BBD97473DA4D72707 /* MinSizeRel */ = {
                     isa = XCBuildConfiguration;
                     buildSettings = {
                            ARCHS = i386;
                            GCC_GENERATE_DEBUGGING_SYMBOLS = NO;
                            GCC_INLINES_ARE_PRIVATE_EXTERN = NO;
                            GCC_OPTIMIZATION_LEVEL = 0;
                            GCC_PREPROCESSOR_DEFINITIONS = ("'CMAKE_INTDIR=\"$(CONFIGURATION)$(EFFECTIVE_PLATFORM_NAME)\"'", );
                            GCC_SYMBOLS_PRIVATE_EXTERN = NO;
                            INSTALL_PATH = "";
                            ONLY_ACTIVE_ARCH = NO;
                            OTHER_CFLAGS = "  ";
                            OTHER_LDFLAGS = "";
                            OTHER_REZFLAGS = "";
                            PRODUCT_NAME = ZERO_CHECK;
                            SECTORDER_FLAGS = "";
                            SYMROOT = "/Users/g/LL/3p-google-breakpad/src";
                            USE_HEADERMAP = NO;
                            WARNING_CFLAGS = ("-Wmost", "-Wno-four-char-constants", "-Wno-unknown-pragmas", );
                     };
                     name = MinSizeRel;
              };
              835D0B3B94D742A5A74D1EC8 /* RelWithDebInfo */ = {
                     isa = XCBuildConfiguration;
                     buildSettings = {
                            ARCHS = i386;
                            GCC_GENERATE_DEBUGGING_SYMBOLS = NO;
                            GCC_INLINES_ARE_PRIVATE_EXTERN = NO;
                            GCC_OPTIMIZATION_LEVEL = 0;
                            GCC_PREPROCESSOR_DEFINITIONS = ("'CMAKE_INTDIR=\"$(CONFIGURATION)$(EFFECTIVE_PLATFORM_NAME)\"'", );
                            GCC_SYMBOLS_PRIVATE_EXTERN = NO;
                            INSTALL_PATH = "";
                            ONLY_ACTIVE_ARCH = NO;
                            OTHER_CFLAGS = "  ";
                            OTHER_LDFLAGS = "";
                            OTHER_REZFLAGS = "";
                            PRODUCT_NAME = ZERO_CHECK;
                            SECTORDER_FLAGS = "";
                            SYMROOT = "/Users/g/LL/3p-google-breakpad/src";
                            USE_HEADERMAP = NO;
                            WARNING_CFLAGS = ("-Wmost", "-Wno-four-char-constants", "-Wno-unknown-pragmas", );
                     };
                     name = RelWithDebInfo;
              };
              F364E1AE796D416FA24001A8 /* Debug */ = {
                     isa = XCBuildConfiguration;
                     buildSettings = {
                            ARCHS = i386;
                            DYLIB_COMPATIBILITY_VERSION = "";
                            DYLIB_CURRENT_VERSION = "";
                            EXECUTABLE_PREFIX = lib;
                            EXECUTABLE_SUFFIX = ".dylib";
                            GCC_GENERATE_DEBUGGING_SYMBOLS = YES;
                            GCC_INLINES_ARE_PRIVATE_EXTERN = NO;
                            GCC_OPTIMIZATION_LEVEL = 0;
                            GCC_PREPROCESSOR_DEFINITIONS = ("'CMAKE_INTDIR=\"$(CONFIGURATION)$(EFFECTIVE_PLATFORM_NAME)\"'", exception_handler_EXPORTS, );
                            GCC_SYMBOLS_PRIVATE_EXTERN = NO;
                            HEADER_SEARCH_PATHS = ("/Users/g/LL/3p-google-breakpad/src/common", "/Users/g/LL/3p-google-breakpad/src/common/mac", "/Users/g/LL/3p-google-breakpad/src/client", "/Users/g/LL/3p-google-breakpad/src/client/mac/handler", "/Users/g/LL/3p-google-breakpad/src", );
                            INSTALL_PATH = "@executable_path/../Resources";
                            LIBRARY_SEARCH_PATHS = "";
                            LIBRARY_STYLE = DYNAMIC;
                            ONLY_ACTIVE_ARCH = NO;
                            OTHER_CFLAGS = "-m32    -fPIC  ";
                            OTHER_CPLUSPLUSFLAGS = "-m32    -fPIC  ";
                            OTHER_LDFLAGS = "  -dynamiclib -Wl,-headerpad_max_install_names -lcrypto -framework Foundation";
                            OTHER_REZFLAGS = "";
                            PRODUCT_NAME = exception_handler;
                            SECTORDER_FLAGS = "";
                            SYMROOT = "/Users/g/LL/3p-google-breakpad/src/client/mac/handler";
                            USE_HEADERMAP = NO;
                            WARNING_CFLAGS = ("-Wmost", "-Wno-four-char-constants", "-Wno-unknown-pragmas", );
                     };
                     name = Debug;
              };
              08672A01907648DEA06A5525 /* Release */ = {
                     isa = XCBuildConfiguration;
                     buildSettings = {
                            ARCHS = i386;
                            DYLIB_COMPATIBILITY_VERSION = "";
                            DYLIB_CURRENT_VERSION = "";
                            EXECUTABLE_PREFIX = lib;
                            EXECUTABLE_SUFFIX = ".dylib";
                            GCC_GENERATE_DEBUGGING_SYMBOLS = NO;
                            GCC_INLINES_ARE_PRIVATE_EXTERN = NO;
                            GCC_OPTIMIZATION_LEVEL = 3;
                            GCC_PREPROCESSOR_DEFINITIONS = ("'CMAKE_INTDIR=\"$(CONFIGURATION)$(EFFECTIVE_PLATFORM_NAME)\"'", exception_handler_EXPORTS, );
                            GCC_SYMBOLS_PRIVATE_EXTERN = NO;
                            HEADER_SEARCH_PATHS = ("/Users/g/LL/3p-google-breakpad/src/common", "/Users/g/LL/3p-google-breakpad/src/common/mac", "/Users/g/LL/3p-google-breakpad/src/client", "/Users/g/LL/3p-google-breakpad/src/client/mac/handler", "/Users/g/LL/3p-google-breakpad/src", );
                            INSTALL_PATH = "@executable_path/../Resources";
                            LIBRARY_SEARCH_PATHS = "";
                            LIBRARY_STYLE = DYNAMIC;
                            ONLY_ACTIVE_ARCH = NO;
                            OTHER_CFLAGS = "-m32     -DNDEBUG -fPIC  ";
                            OTHER_CPLUSPLUSFLAGS = "-m32     -DNDEBUG -fPIC  ";
                            OTHER_LDFLAGS = "  -dynamiclib -Wl,-headerpad_max_install_names -lcrypto -framework Foundation";
                            OTHER_REZFLAGS = "";
                            PRODUCT_NAME = exception_handler;
                            SECTORDER_FLAGS = "";
                            SYMROOT = "/Users/g/LL/3p-google-breakpad/src/client/mac/handler";
                            USE_HEADERMAP = NO;
                            WARNING_CFLAGS = ("-Wmost", "-Wno-four-char-constants", "-Wno-unknown-pragmas", );
                     };
                     name = Release;
              };
              24DB6C59FEDF45F8A9B686B3 /* MinSizeRel */ = {
                     isa = XCBuildConfiguration;
                     buildSettings = {
                            ARCHS = i386;
                            DYLIB_COMPATIBILITY_VERSION = "";
                            DYLIB_CURRENT_VERSION = "";
                            EXECUTABLE_PREFIX = lib;
                            EXECUTABLE_SUFFIX = ".dylib";
                            GCC_GENERATE_DEBUGGING_SYMBOLS = NO;
                            GCC_INLINES_ARE_PRIVATE_EXTERN = NO;
                            GCC_OPTIMIZATION_LEVEL = s;
                            GCC_PREPROCESSOR_DEFINITIONS = ("'CMAKE_INTDIR=\"$(CONFIGURATION)$(EFFECTIVE_PLATFORM_NAME)\"'", exception_handler_EXPORTS, );
                            GCC_SYMBOLS_PRIVATE_EXTERN = NO;
                            HEADER_SEARCH_PATHS = ("/Users/g/LL/3p-google-breakpad/src/common", "/Users/g/LL/3p-google-breakpad/src/common/mac", "/Users/g/LL/3p-google-breakpad/src/client", "/Users/g/LL/3p-google-breakpad/src/client/mac/handler", "/Users/g/LL/3p-google-breakpad/src", );
                            INSTALL_PATH = "@executable_path/../Resources";
                            LIBRARY_SEARCH_PATHS = "";
                            LIBRARY_STYLE = DYNAMIC;
                            ONLY_ACTIVE_ARCH = NO;
                            OTHER_CFLAGS = "-m32     -DNDEBUG -fPIC  ";
                            OTHER_CPLUSPLUSFLAGS = "-m32     -DNDEBUG -fPIC  ";
                            OTHER_LDFLAGS = "  -dynamiclib -Wl,-headerpad_max_install_names -lcrypto -framework Foundation";
                            OTHER_REZFLAGS = "";
                            PRODUCT_NAME = exception_handler;
                            SECTORDER_FLAGS = "";
                            SYMROOT = "/Users/g/LL/3p-google-breakpad/src/client/mac/handler";
                            USE_HEADERMAP = NO;
                            WARNING_CFLAGS = ("-Wmost", "-Wno-four-char-constants", "-Wno-unknown-pragmas", );
                     };
                     name = MinSizeRel;
              };
              5B404975179E40C5A4A19BEA /* RelWithDebInfo */ = {
                     isa = XCBuildConfiguration;
                     buildSettings = {
                            ARCHS = i386;
                            DYLIB_COMPATIBILITY_VERSION = "";
                            DYLIB_CURRENT_VERSION = "";
                            EXECUTABLE_PREFIX = lib;
                            EXECUTABLE_SUFFIX = ".dylib";
                            GCC_GENERATE_DEBUGGING_SYMBOLS = YES;
                            GCC_INLINES_ARE_PRIVATE_EXTERN = NO;
                            GCC_OPTIMIZATION_LEVEL = 2;
                            GCC_PREPROCESSOR_DEFINITIONS = ("'CMAKE_INTDIR=\"$(CONFIGURATION)$(EFFECTIVE_PLATFORM_NAME)\"'", exception_handler_EXPORTS, );
                            GCC_SYMBOLS_PRIVATE_EXTERN = NO;
                            HEADER_SEARCH_PATHS = ("/Users/g/LL/3p-google-breakpad/src/common", "/Users/g/LL/3p-google-breakpad/src/common/mac", "/Users/g/LL/3p-google-breakpad/src/client", "/Users/g/LL/3p-google-breakpad/src/client/mac/handler", "/Users/g/LL/3p-google-breakpad/src", );
                            INSTALL_PATH = "@executable_path/../Resources";
                            LIBRARY_SEARCH_PATHS = "";
                            LIBRARY_STYLE = DYNAMIC;
                            ONLY_ACTIVE_ARCH = NO;
                            OTHER_CFLAGS = "-m32        -DNDEBUG -fPIC  ";
                            OTHER_CPLUSPLUSFLAGS = "-m32        -DNDEBUG -fPIC  ";
                            OTHER_LDFLAGS = "  -dynamiclib -Wl,-headerpad_max_install_names -lcrypto -framework Foundation";
                            OTHER_REZFLAGS = "";
                            PRODUCT_NAME = exception_handler;
                            SECTORDER_FLAGS = "";
                            SYMROOT = "/Users/g/LL/3p-google-breakpad/src/client/mac/handler";
                            USE_HEADERMAP = NO;
                            WARNING_CFLAGS = ("-Wmost", "-Wno-four-char-constants", "-Wno-unknown-pragmas", );
                     };
                     name = RelWithDebInfo;
              };
/* End XCBuildConfiguration section */

/* Begin XCConfigurationList section */
              351E1E2B60E4433D816C545C /* Build configuration list for PBXProject  "google_breakpad" */ = {
                     isa = XCConfigurationList;
                     buildConfigurations = (
                            DB70F2DDF2BA4A9BB8DE17C6 /* Debug */,
                            2F1BDBBF04F64FB08471855B /* Release */,
                            DCE4B8694D5E48AEB2820393 /* MinSizeRel */,
                            124D4CBF93D74DF3BA039FFE /* RelWithDebInfo */,
                     );
                     defaultConfigurationIsVisible = 0;
                     defaultConfigurationName = Debug;
              };
              B04A7CFF05BF4D0688D23680 /* Build configuration list for PBXAggregateTarget "ALL_BUILD" */ = {
                     isa = XCConfigurationList;
                     buildConfigurations = (
                            C6B22E311BA3479AAC6DF24B /* Debug */,
                            B4A7E5FD30684EE5B8ECF05A /* Release */,
                            881D6B69F80D443F98C67135 /* MinSizeRel */,
                            B5DAE5DA10ED41FEB61CDBC3 /* RelWithDebInfo */,
                     );
                     defaultConfigurationIsVisible = 0;
                     defaultConfigurationName = Debug;
              };
              62F109D0E10E408F834BA4DD /* Build configuration list for PBXAggregateTarget "ZERO_CHECK" */ = {
                     isa = XCConfigurationList;
                     buildConfigurations = (
                            BC4E1BEF21864B79A62C280F /* Debug */,
                            26DBCD6C5DB44DDEBF55FB85 /* Release */,
                            59439A2BBD97473DA4D72707 /* MinSizeRel */,
                            835D0B3B94D742A5A74D1EC8 /* RelWithDebInfo */,
                     );
                     defaultConfigurationIsVisible = 0;
                     defaultConfigurationName = Debug;
              };
              388B9AA6BC984DFD8AD5634A /* Build configuration list for PBXNativeTarget "exception_handler" */ = {
                     isa = XCConfigurationList;
                     buildConfigurations = (
                            F364E1AE796D416FA24001A8 /* Debug */,
                            08672A01907648DEA06A5525 /* Release */,
                            24DB6C59FEDF45F8A9B686B3 /* MinSizeRel */,
                            5B404975179E40C5A4A19BEA /* RelWithDebInfo */,
                     );
                     defaultConfigurationIsVisible = 0;
                     defaultConfigurationName = Debug;
              };
/* End XCConfigurationList section */
       };
       rootObject = 97A539281BCE456985830812;
}
